// !$*UTF8*$!
{
	archiveVersion = 1;
	classes = {
	};
	objectVersion = 56;
	objects = {

/* Begin PBXBuildFile section */
		642BCAE82924FF000025D14E /* FooterView.swift in Sources */ = {isa = PBXBuildFile; fileRef = 642BCAD62924FF000025D14E /* FooterView.swift */; };
		642BCAE92924FF000025D14E /* FooterView.swift in Sources */ = {isa = PBXBuildFile; fileRef = 642BCAD62924FF000025D14E /* FooterView.swift */; };
		642BCAEA2924FF000025D14E /* Model.swift in Sources */ = {isa = PBXBuildFile; fileRef = 642BCAD72924FF000025D14E /* Model.swift */; };
		642BCAEB2924FF000025D14E /* Model.swift in Sources */ = {isa = PBXBuildFile; fileRef = 642BCAD72924FF000025D14E /* Model.swift */; };
		642BCAEE2924FF000025D14E /* Data.swift in Sources */ = {isa = PBXBuildFile; fileRef = 642BCAD92924FF000025D14E /* Data.swift */; };
		642BCAEF2924FF000025D14E /* Data.swift in Sources */ = {isa = PBXBuildFile; fileRef = 642BCAD92924FF000025D14E /* Data.swift */; };
		642BCAF02924FF000025D14E /* CardView.swift in Sources */ = {isa = PBXBuildFile; fileRef = 642BCADA2924FF000025D14E /* CardView.swift */; };
		642BCAF12924FF000025D14E /* CardView.swift in Sources */ = {isa = PBXBuildFile; fileRef = 642BCADA2924FF000025D14E /* CardView.swift */; };
		642BCAF22924FF000025D14E /* GuideComponentView.swift in Sources */ = {isa = PBXBuildFile; fileRef = 642BCADB2924FF000025D14E /* GuideComponentView.swift */; };
		642BCAF32924FF000025D14E /* GuideComponentView.swift in Sources */ = {isa = PBXBuildFile; fileRef = 642BCADB2924FF000025D14E /* GuideComponentView.swift */; };
		642BCAF42924FF000025D14E /* Assets.xcassets in Resources */ = {isa = PBXBuildFile; fileRef = 642BCADC2924FF000025D14E /* Assets.xcassets */; };
		642BCAF52924FF000025D14E /* Assets.xcassets in Resources */ = {isa = PBXBuildFile; fileRef = 642BCADC2924FF000025D14E /* Assets.xcassets */; };
		642BCAF62924FF000025D14E /* LandlordPreviewComponent.swift in Sources */ = {isa = PBXBuildFile; fileRef = 642BCADD2924FF000025D14E /* LandlordPreviewComponent.swift */; };
		642BCAF72924FF000025D14E /* LandlordPreviewComponent.swift in Sources */ = {isa = PBXBuildFile; fileRef = 642BCADD2924FF000025D14E /* LandlordPreviewComponent.swift */; };
		642BCAF82924FF000025D14E /* Preview Assets.xcassets in Resources */ = {isa = PBXBuildFile; fileRef = 642BCADF2924FF000025D14E /* Preview Assets.xcassets */; };
		642BCAF92924FF000025D14E /* Preview Assets.xcassets in Resources */ = {isa = PBXBuildFile; fileRef = 642BCADF2924FF000025D14E /* Preview Assets.xcassets */; };
		642BCAFA2924FF000025D14E /* PropertyFooterControlsView.swift in Sources */ = {isa = PBXBuildFile; fileRef = 642BCAE02924FF000025D14E /* PropertyFooterControlsView.swift */; };
		642BCAFB2924FF000025D14E /* PropertyFooterControlsView.swift in Sources */ = {isa = PBXBuildFile; fileRef = 642BCAE02924FF000025D14E /* PropertyFooterControlsView.swift */; };
		642BCAFC2924FF000025D14E /* HeaderView.swift in Sources */ = {isa = PBXBuildFile; fileRef = 642BCAE12924FF000025D14E /* HeaderView.swift */; };
		642BCAFD2924FF000025D14E /* HeaderView.swift in Sources */ = {isa = PBXBuildFile; fileRef = 642BCAE12924FF000025D14E /* HeaderView.swift */; };
		642BCAFE2924FF000025D14E /* HomieApp.swift in Sources */ = {isa = PBXBuildFile; fileRef = 642BCAE22924FF000025D14E /* HomieApp.swift */; };
		642BCAFF2924FF000025D14E /* HomieApp.swift in Sources */ = {isa = PBXBuildFile; fileRef = 642BCAE22924FF000025D14E /* HomieApp.swift */; };
		642BCB002924FF000025D14E /* Launch Screen.storyboard in Resources */ = {isa = PBXBuildFile; fileRef = 642BCAE32924FF000025D14E /* Launch Screen.storyboard */; };
		642BCB012924FF000025D14E /* Launch Screen.storyboard in Resources */ = {isa = PBXBuildFile; fileRef = 642BCAE32924FF000025D14E /* Launch Screen.storyboard */; };
		642BCB022924FF000025D14E /* AddPropertyFormView.swift in Sources */ = {isa = PBXBuildFile; fileRef = 642BCAE42924FF000025D14E /* AddPropertyFormView.swift */; };
		642BCB032924FF000025D14E /* AddPropertyFormView.swift in Sources */ = {isa = PBXBuildFile; fileRef = 642BCAE42924FF000025D14E /* AddPropertyFormView.swift */; };
		642BCB042924FF000025D14E /* CardFooterView.swift in Sources */ = {isa = PBXBuildFile; fileRef = 642BCAE52924FF000025D14E /* CardFooterView.swift */; };
		642BCB052924FF000025D14E /* CardFooterView.swift in Sources */ = {isa = PBXBuildFile; fileRef = 642BCAE52924FF000025D14E /* CardFooterView.swift */; };
		642BCB062924FF000025D14E /* ContentView.swift in Sources */ = {isa = PBXBuildFile; fileRef = 642BCAE62924FF000025D14E /* ContentView.swift */; };
		642BCB072924FF000025D14E /* ContentView.swift in Sources */ = {isa = PBXBuildFile; fileRef = 642BCAE62924FF000025D14E /* ContentView.swift */; };
		642BCB082924FF000025D14E /* GuideView.swift in Sources */ = {isa = PBXBuildFile; fileRef = 642BCAE72924FF000025D14E /* GuideView.swift */; };
		642BCB092924FF000025D14E /* GuideView.swift in Sources */ = {isa = PBXBuildFile; fileRef = 642BCAE72924FF000025D14E /* GuideView.swift */; };
		642BCB0B292509770025D14E /* GoogleService-Info.plist in Resources */ = {isa = PBXBuildFile; fileRef = 642BCB0A292509770025D14E /* GoogleService-Info.plist */; };
		642BCB0F292523670025D14E /* LoginView.swift in Sources */ = {isa = PBXBuildFile; fileRef = 642BCB0E292523670025D14E /* LoginView.swift */; };
		642BCB112925533B0025D14E /* DataManager.swift in Sources */ = {isa = PBXBuildFile; fileRef = 642BCB102925533B0025D14E /* DataManager.swift */; };
		645A3D8429141851004E3CA2 /* Gilroy in Resources */ = {isa = PBXBuildFile; fileRef = 645A3D8329141850004E3CA2 /* Gilroy */; };
		645A3D8529141851004E3CA2 /* Gilroy in Resources */ = {isa = PBXBuildFile; fileRef = 645A3D8329141850004E3CA2 /* Gilroy */; };
		64925D03291288A000E3D902 /* HomieTests.swift in Sources */ = {isa = PBXBuildFile; fileRef = 64925D02291288A000E3D902 /* HomieTests.swift */; };
		64925D0D291288A000E3D902 /* HomieUITests.swift in Sources */ = {isa = PBXBuildFile; fileRef = 64925D0C291288A000E3D902 /* HomieUITests.swift */; };
		64925D0F291288A000E3D902 /* HomieUITestsLaunchTests.swift in Sources */ = {isa = PBXBuildFile; fileRef = 64925D0E291288A000E3D902 /* HomieUITestsLaunchTests.swift */; };
		64D152892924F7DF00C72644 /* FirebaseAnalyticsSwift in Frameworks */ = {isa = PBXBuildFile; productRef = 64D152882924F7DF00C72644 /* FirebaseAnalyticsSwift */; };
		64D1528B2924F7DF00C72644 /* FirebaseAnalyticsWithoutAdIdSupport in Frameworks */ = {isa = PBXBuildFile; productRef = 64D1528A2924F7DF00C72644 /* FirebaseAnalyticsWithoutAdIdSupport */; };
		64D1528D2924F7DF00C72644 /* FirebaseAppCheck in Frameworks */ = {isa = PBXBuildFile; productRef = 64D1528C2924F7DF00C72644 /* FirebaseAppCheck */; };
		64D1528F2924F7DF00C72644 /* FirebaseAppDistribution-Beta in Frameworks */ = {isa = PBXBuildFile; productRef = 64D1528E2924F7DF00C72644 /* FirebaseAppDistribution-Beta */; };
		64D152912924F7DF00C72644 /* FirebaseAuth in Frameworks */ = {isa = PBXBuildFile; productRef = 64D152902924F7DF00C72644 /* FirebaseAuth */; };
		64D152932924F7DF00C72644 /* FirebaseAuthCombine-Community in Frameworks */ = {isa = PBXBuildFile; productRef = 64D152922924F7DF00C72644 /* FirebaseAuthCombine-Community */; };
		64D152952924F7DF00C72644 /* FirebaseDatabase in Frameworks */ = {isa = PBXBuildFile; productRef = 64D152942924F7DF00C72644 /* FirebaseDatabase */; };
		64D152972924F7DF00C72644 /* FirebaseDatabaseSwift in Frameworks */ = {isa = PBXBuildFile; productRef = 64D152962924F7DF00C72644 /* FirebaseDatabaseSwift */; };
		64D152992924F7DF00C72644 /* FirebaseDynamicLinks in Frameworks */ = {isa = PBXBuildFile; productRef = 64D152982924F7DF00C72644 /* FirebaseDynamicLinks */; };
		64D1529B2924F7DF00C72644 /* FirebaseFirestore in Frameworks */ = {isa = PBXBuildFile; productRef = 64D1529A2924F7DF00C72644 /* FirebaseFirestore */; };
		64D1529D2924F7DF00C72644 /* FirebaseFirestoreCombine-Community in Frameworks */ = {isa = PBXBuildFile; productRef = 64D1529C2924F7DF00C72644 /* FirebaseFirestoreCombine-Community */; };
		64D1529F2924F7DF00C72644 /* FirebaseFirestoreSwift in Frameworks */ = {isa = PBXBuildFile; productRef = 64D1529E2924F7DF00C72644 /* FirebaseFirestoreSwift */; };
		64D152A12924F7DF00C72644 /* FirebaseFunctions in Frameworks */ = {isa = PBXBuildFile; productRef = 64D152A02924F7DF00C72644 /* FirebaseFunctions */; };
		64D152A32924F7DF00C72644 /* FirebaseFunctionsCombine-Community in Frameworks */ = {isa = PBXBuildFile; productRef = 64D152A22924F7DF00C72644 /* FirebaseFunctionsCombine-Community */; };
		64D152A52924F7DF00C72644 /* FirebaseInAppMessaging-Beta in Frameworks */ = {isa = PBXBuildFile; productRef = 64D152A42924F7DF00C72644 /* FirebaseInAppMessaging-Beta */; };
		64D152A72924F7DF00C72644 /* FirebaseInAppMessagingSwift-Beta in Frameworks */ = {isa = PBXBuildFile; productRef = 64D152A62924F7DF00C72644 /* FirebaseInAppMessagingSwift-Beta */; };
		64D152A92924F7DF00C72644 /* FirebaseInstallations in Frameworks */ = {isa = PBXBuildFile; productRef = 64D152A82924F7DF00C72644 /* FirebaseInstallations */; };
		64D152AB2924F7DF00C72644 /* FirebaseMessaging in Frameworks */ = {isa = PBXBuildFile; productRef = 64D152AA2924F7DF00C72644 /* FirebaseMessaging */; };
		64D152AD2924F7DF00C72644 /* FirebaseStorage in Frameworks */ = {isa = PBXBuildFile; productRef = 64D152AC2924F7DF00C72644 /* FirebaseStorage */; };
		64D152AF2924F7DF00C72644 /* FirebaseStorageCombine-Community in Frameworks */ = {isa = PBXBuildFile; productRef = 64D152AE2924F7DF00C72644 /* FirebaseStorageCombine-Community */; };
/* End PBXBuildFile section */

/* Begin PBXContainerItemProxy section */
		64925CFF291288A000E3D902 /* PBXContainerItemProxy */ = {
			isa = PBXContainerItemProxy;
			containerPortal = 64925CE62912889D00E3D902 /* Project object */;
			proxyType = 1;
			remoteGlobalIDString = 64925CED2912889E00E3D902;
			remoteInfo = Homie;
		};
		64925D09291288A000E3D902 /* PBXContainerItemProxy */ = {
			isa = PBXContainerItemProxy;
			containerPortal = 64925CE62912889D00E3D902 /* Project object */;
			proxyType = 1;
			remoteGlobalIDString = 64925CED2912889E00E3D902;
			remoteInfo = Homie;
		};
/* End PBXContainerItemProxy section */

/* Begin PBXFileReference section */
		642BCAD62924FF000025D14E /* FooterView.swift */ = {isa = PBXFileReference; fileEncoding = 4; lastKnownFileType = sourcecode.swift; path = FooterView.swift; sourceTree = "<group>"; };
		642BCAD72924FF000025D14E /* Model.swift */ = {isa = PBXFileReference; fileEncoding = 4; lastKnownFileType = sourcecode.swift; path = Model.swift; sourceTree = "<group>"; };
		642BCAD92924FF000025D14E /* Data.swift */ = {isa = PBXFileReference; fileEncoding = 4; lastKnownFileType = sourcecode.swift; path = Data.swift; sourceTree = "<group>"; };
		642BCADA2924FF000025D14E /* CardView.swift */ = {isa = PBXFileReference; fileEncoding = 4; lastKnownFileType = sourcecode.swift; path = CardView.swift; sourceTree = "<group>"; };
		642BCADB2924FF000025D14E /* GuideComponentView.swift */ = {isa = PBXFileReference; fileEncoding = 4; lastKnownFileType = sourcecode.swift; path = GuideComponentView.swift; sourceTree = "<group>"; };
		642BCADC2924FF000025D14E /* Assets.xcassets */ = {isa = PBXFileReference; lastKnownFileType = folder.assetcatalog; path = Assets.xcassets; sourceTree = "<group>"; };
		642BCADD2924FF000025D14E /* LandlordPreviewComponent.swift */ = {isa = PBXFileReference; fileEncoding = 4; lastKnownFileType = sourcecode.swift; path = LandlordPreviewComponent.swift; sourceTree = "<group>"; };
		642BCADF2924FF000025D14E /* Preview Assets.xcassets */ = {isa = PBXFileReference; lastKnownFileType = folder.assetcatalog; path = "Preview Assets.xcassets"; sourceTree = "<group>"; };
		642BCAE02924FF000025D14E /* PropertyFooterControlsView.swift */ = {isa = PBXFileReference; fileEncoding = 4; lastKnownFileType = sourcecode.swift; path = PropertyFooterControlsView.swift; sourceTree = "<group>"; };
		642BCAE12924FF000025D14E /* HeaderView.swift */ = {isa = PBXFileReference; fileEncoding = 4; lastKnownFileType = sourcecode.swift; path = HeaderView.swift; sourceTree = "<group>"; };
		642BCAE22924FF000025D14E /* HomieApp.swift */ = {isa = PBXFileReference; fileEncoding = 4; lastKnownFileType = sourcecode.swift; path = HomieApp.swift; sourceTree = "<group>"; };
		642BCAE32924FF000025D14E /* Launch Screen.storyboard */ = {isa = PBXFileReference; fileEncoding = 4; lastKnownFileType = file.storyboard; path = "Launch Screen.storyboard"; sourceTree = "<group>"; };
		642BCAE42924FF000025D14E /* AddPropertyFormView.swift */ = {isa = PBXFileReference; fileEncoding = 4; lastKnownFileType = sourcecode.swift; path = AddPropertyFormView.swift; sourceTree = "<group>"; };
		642BCAE52924FF000025D14E /* CardFooterView.swift */ = {isa = PBXFileReference; fileEncoding = 4; lastKnownFileType = sourcecode.swift; path = CardFooterView.swift; sourceTree = "<group>"; };
		642BCAE62924FF000025D14E /* ContentView.swift */ = {isa = PBXFileReference; fileEncoding = 4; lastKnownFileType = sourcecode.swift; path = ContentView.swift; sourceTree = "<group>"; };
		642BCAE72924FF000025D14E /* GuideView.swift */ = {isa = PBXFileReference; fileEncoding = 4; lastKnownFileType = sourcecode.swift; path = GuideView.swift; sourceTree = "<group>"; };
		642BCB0A292509770025D14E /* GoogleService-Info.plist */ = {isa = PBXFileReference; fileEncoding = 4; lastKnownFileType = text.plist.xml; path = "GoogleService-Info.plist"; sourceTree = "<group>"; };
		642BCB0E292523670025D14E /* LoginView.swift */ = {isa = PBXFileReference; lastKnownFileType = sourcecode.swift; path = LoginView.swift; sourceTree = "<group>"; };
		642BCB102925533B0025D14E /* DataManager.swift */ = {isa = PBXFileReference; lastKnownFileType = sourcecode.swift; path = DataManager.swift; sourceTree = "<group>"; };
		645A3D8329141850004E3CA2 /* Gilroy */ = {isa = PBXFileReference; fileEncoding = 4; lastKnownFileType = folder; path = Gilroy; sourceTree = SOURCE_ROOT; };
		645A3D86291418E5004E3CA2 /* Homeless-Info.plist */ = {isa = PBXFileReference; lastKnownFileType = text.plist.xml; path = "Homeless-Info.plist"; sourceTree = "<group>"; };
		64925CEE2912889E00E3D902 /* Homie.app */ = {isa = PBXFileReference; explicitFileType = wrapper.application; includeInIndex = 0; path = Homie.app; sourceTree = BUILT_PRODUCTS_DIR; };
		64925CFE291288A000E3D902 /* HomieTests.xctest */ = {isa = PBXFileReference; explicitFileType = wrapper.cfbundle; includeInIndex = 0; path = HomieTests.xctest; sourceTree = BUILT_PRODUCTS_DIR; };
		64925D02291288A000E3D902 /* HomieTests.swift */ = {isa = PBXFileReference; lastKnownFileType = sourcecode.swift; path = HomieTests.swift; sourceTree = "<group>"; };
		64925D08291288A000E3D902 /* HomieUITests.xctest */ = {isa = PBXFileReference; explicitFileType = wrapper.cfbundle; includeInIndex = 0; path = HomieUITests.xctest; sourceTree = BUILT_PRODUCTS_DIR; };
		64925D0C291288A000E3D902 /* HomieUITests.swift */ = {isa = PBXFileReference; lastKnownFileType = sourcecode.swift; path = HomieUITests.swift; sourceTree = "<group>"; };
		64925D0E291288A000E3D902 /* HomieUITestsLaunchTests.swift */ = {isa = PBXFileReference; lastKnownFileType = sourcecode.swift; path = HomieUITestsLaunchTests.swift; sourceTree = "<group>"; };
/* End PBXFileReference section */

/* Begin PBXFrameworksBuildPhase section */
		64925CEB2912889E00E3D902 /* Frameworks */ = {
			isa = PBXFrameworksBuildPhase;
			buildActionMask = 2147483647;
			files = (
				64D152AB2924F7DF00C72644 /* FirebaseMessaging in Frameworks */,
				64D152972924F7DF00C72644 /* FirebaseDatabaseSwift in Frameworks */,
				64D152AF2924F7DF00C72644 /* FirebaseStorageCombine-Community in Frameworks */,
				64D152892924F7DF00C72644 /* FirebaseAnalyticsSwift in Frameworks */,
				64D152932924F7DF00C72644 /* FirebaseAuthCombine-Community in Frameworks */,
				64D1529B2924F7DF00C72644 /* FirebaseFirestore in Frameworks */,
				64D152912924F7DF00C72644 /* FirebaseAuth in Frameworks */,
				64D1529D2924F7DF00C72644 /* FirebaseFirestoreCombine-Community in Frameworks */,
				64D1528D2924F7DF00C72644 /* FirebaseAppCheck in Frameworks */,
				64D152A32924F7DF00C72644 /* FirebaseFunctionsCombine-Community in Frameworks */,
				64D152AD2924F7DF00C72644 /* FirebaseStorage in Frameworks */,
				64D152A92924F7DF00C72644 /* FirebaseInstallations in Frameworks */,
				64D152992924F7DF00C72644 /* FirebaseDynamicLinks in Frameworks */,
				64D1528B2924F7DF00C72644 /* FirebaseAnalyticsWithoutAdIdSupport in Frameworks */,
				64D152A72924F7DF00C72644 /* FirebaseInAppMessagingSwift-Beta in Frameworks */,
				64D152A12924F7DF00C72644 /* FirebaseFunctions in Frameworks */,
				64D152952924F7DF00C72644 /* FirebaseDatabase in Frameworks */,
				64D1528F2924F7DF00C72644 /* FirebaseAppDistribution-Beta in Frameworks */,
				64D1529F2924F7DF00C72644 /* FirebaseFirestoreSwift in Frameworks */,
				64D152A52924F7DF00C72644 /* FirebaseInAppMessaging-Beta in Frameworks */,
			);
			runOnlyForDeploymentPostprocessing = 0;
		};
		64925CFB291288A000E3D902 /* Frameworks */ = {
			isa = PBXFrameworksBuildPhase;
			buildActionMask = 2147483647;
			files = (
			);
			runOnlyForDeploymentPostprocessing = 0;
		};
		64925D05291288A000E3D902 /* Frameworks */ = {
			isa = PBXFrameworksBuildPhase;
			buildActionMask = 2147483647;
			files = (
			);
			runOnlyForDeploymentPostprocessing = 0;
		};
/* End PBXFrameworksBuildPhase section */

/* Begin PBXGroup section */
		642BCAD52924FF000025D14E /* Homie */ = {
			isa = PBXGroup;
			children = (
				642BCB0A292509770025D14E /* GoogleService-Info.plist */,
				642BCAD72924FF000025D14E /* Model.swift */,
				642BCB102925533B0025D14E /* DataManager.swift */,
				642BCAD92924FF000025D14E /* Data.swift */,
				642BCADC2924FF000025D14E /* Assets.xcassets */,
				642BCADE2924FF000025D14E /* Preview Content */,
				642BCAE22924FF000025D14E /* HomieApp.swift */,
				642BCAE32924FF000025D14E /* Launch Screen.storyboard */,
				642BCB0E292523670025D14E /* LoginView.swift */,
				642BCADB2924FF000025D14E /* GuideComponentView.swift */,
				642BCAD62924FF000025D14E /* FooterView.swift */,
				642BCADA2924FF000025D14E /* CardView.swift */,
				642BCADD2924FF000025D14E /* LandlordPreviewComponent.swift */,
				642BCAE02924FF000025D14E /* PropertyFooterControlsView.swift */,
				642BCAE12924FF000025D14E /* HeaderView.swift */,
				642BCAE52924FF000025D14E /* CardFooterView.swift */,
				642BCAE42924FF000025D14E /* AddPropertyFormView.swift */,
				642BCAE62924FF000025D14E /* ContentView.swift */,
				642BCAE72924FF000025D14E /* GuideView.swift */,
				642BCB0C292522F90025D14E /* Components */,
				642BCB0D292523260025D14E /* Screens */,
			);
			path = Homie;
			sourceTree = "<group>";
		};
		642BCADE2924FF000025D14E /* Preview Content */ = {
			isa = PBXGroup;
			children = (
				642BCADF2924FF000025D14E /* Preview Assets.xcassets */,
			);
			path = "Preview Content";
			sourceTree = "<group>";
		};
		642BCB0C292522F90025D14E /* Components */ = {
			isa = PBXGroup;
			children = (
			);
			path = Components;
			sourceTree = "<group>";
		};
		642BCB0D292523260025D14E /* Screens */ = {
			isa = PBXGroup;
			children = (
			);
			path = Screens;
			sourceTree = "<group>";
		};
		64925CE52912889D00E3D902 = {
			isa = PBXGroup;
			children = (
				642BCAD52924FF000025D14E /* Homie */,
				645A3D86291418E5004E3CA2 /* Homeless-Info.plist */,
				645A3D8329141850004E3CA2 /* Gilroy */,
				64925D01291288A000E3D902 /* HomieTests */,
				64925D0B291288A000E3D902 /* HomieUITests */,
				64925CEF2912889E00E3D902 /* Products */,
			);
			sourceTree = "<group>";
		};
		64925CEF2912889E00E3D902 /* Products */ = {
			isa = PBXGroup;
			children = (
				64925CEE2912889E00E3D902 /* Homie.app */,
				64925CFE291288A000E3D902 /* HomieTests.xctest */,
				64925D08291288A000E3D902 /* HomieUITests.xctest */,
			);
			name = Products;
			sourceTree = "<group>";
		};
		64925D01291288A000E3D902 /* HomieTests */ = {
			isa = PBXGroup;
			children = (
				64925D02291288A000E3D902 /* HomieTests.swift */,
			);
			path = HomieTests;
			sourceTree = "<group>";
		};
		64925D0B291288A000E3D902 /* HomieUITests */ = {
			isa = PBXGroup;
			children = (
				64925D0C291288A000E3D902 /* HomieUITests.swift */,
				64925D0E291288A000E3D902 /* HomieUITestsLaunchTests.swift */,
			);
			path = HomieUITests;
			sourceTree = "<group>";
		};
/* End PBXGroup section */

/* Begin PBXNativeTarget section */
		64925CED2912889E00E3D902 /* Homie */ = {
			isa = PBXNativeTarget;
			buildConfigurationList = 64925D12291288A000E3D902 /* Build configuration list for PBXNativeTarget "Homie" */;
			buildPhases = (
				64925CEA2912889E00E3D902 /* Sources */,
				64925CEB2912889E00E3D902 /* Frameworks */,
				64925CEC2912889E00E3D902 /* Resources */,
			);
			buildRules = (
			);
			dependencies = (
			);
			name = Homie;
			packageProductDependencies = (
				64D152882924F7DF00C72644 /* FirebaseAnalyticsSwift */,
				64D1528A2924F7DF00C72644 /* FirebaseAnalyticsWithoutAdIdSupport */,
				64D1528C2924F7DF00C72644 /* FirebaseAppCheck */,
				64D1528E2924F7DF00C72644 /* FirebaseAppDistribution-Beta */,
				64D152902924F7DF00C72644 /* FirebaseAuth */,
				64D152922924F7DF00C72644 /* FirebaseAuthCombine-Community */,
				64D152942924F7DF00C72644 /* FirebaseDatabase */,
				64D152962924F7DF00C72644 /* FirebaseDatabaseSwift */,
				64D152982924F7DF00C72644 /* FirebaseDynamicLinks */,
				64D1529A2924F7DF00C72644 /* FirebaseFirestore */,
				64D1529C2924F7DF00C72644 /* FirebaseFirestoreCombine-Community */,
				64D1529E2924F7DF00C72644 /* FirebaseFirestoreSwift */,
				64D152A02924F7DF00C72644 /* FirebaseFunctions */,
				64D152A22924F7DF00C72644 /* FirebaseFunctionsCombine-Community */,
				64D152A42924F7DF00C72644 /* FirebaseInAppMessaging-Beta */,
				64D152A62924F7DF00C72644 /* FirebaseInAppMessagingSwift-Beta */,
				64D152A82924F7DF00C72644 /* FirebaseInstallations */,
				64D152AA2924F7DF00C72644 /* FirebaseMessaging */,
				64D152AC2924F7DF00C72644 /* FirebaseStorage */,
				64D152AE2924F7DF00C72644 /* FirebaseStorageCombine-Community */,
			);
			productName = Homie;
			productReference = 64925CEE2912889E00E3D902 /* Homie.app */;
			productType = "com.apple.product-type.application";
		};
		64925CFD291288A000E3D902 /* HomieTests */ = {
			isa = PBXNativeTarget;
			buildConfigurationList = 64925D15291288A000E3D902 /* Build configuration list for PBXNativeTarget "HomieTests" */;
			buildPhases = (
				64925CFA291288A000E3D902 /* Sources */,
				64925CFB291288A000E3D902 /* Frameworks */,
				64925CFC291288A000E3D902 /* Resources */,
			);
			buildRules = (
			);
			dependencies = (
				64925D00291288A000E3D902 /* PBXTargetDependency */,
			);
			name = HomieTests;
			productName = HomieTests;
			productReference = 64925CFE291288A000E3D902 /* HomieTests.xctest */;
			productType = "com.apple.product-type.bundle.unit-test";
		};
		64925D07291288A000E3D902 /* HomieUITests */ = {
			isa = PBXNativeTarget;
			buildConfigurationList = 64925D18291288A000E3D902 /* Build configuration list for PBXNativeTarget "HomieUITests" */;
			buildPhases = (
				64925D04291288A000E3D902 /* Sources */,
				64925D05291288A000E3D902 /* Frameworks */,
				64925D06291288A000E3D902 /* Resources */,
			);
			buildRules = (
			);
			dependencies = (
				64925D0A291288A000E3D902 /* PBXTargetDependency */,
			);
			name = HomieUITests;
			productName = HomieUITests;
			productReference = 64925D08291288A000E3D902 /* HomieUITests.xctest */;
			productType = "com.apple.product-type.bundle.ui-testing";
		};
/* End PBXNativeTarget section */

/* Begin PBXProject section */
		64925CE62912889D00E3D902 /* Project object */ = {
			isa = PBXProject;
			attributes = {
				BuildIndependentTargetsInParallel = 1;
				LastSwiftUpdateCheck = 1400;
				LastUpgradeCheck = 1400;
				TargetAttributes = {
					64925CED2912889E00E3D902 = {
						CreatedOnToolsVersion = 14.0;
					};
					64925CFD291288A000E3D902 = {
						CreatedOnToolsVersion = 14.0;
						TestTargetID = 64925CED2912889E00E3D902;
					};
					64925D07291288A000E3D902 = {
						CreatedOnToolsVersion = 14.0;
						TestTargetID = 64925CED2912889E00E3D902;
					};
				};
			};
			buildConfigurationList = 64925CE92912889D00E3D902 /* Build configuration list for PBXProject "Homie" */;
			compatibilityVersion = "Xcode 14.0";
			developmentRegion = en;
			hasScannedForEncodings = 0;
			knownRegions = (
				en,
				Base,
			);
			mainGroup = 64925CE52912889D00E3D902;
			packageReferences = (
				64D152872924F7DF00C72644 /* XCRemoteSwiftPackageReference "firebase-ios-sdk" */,
			);
			productRefGroup = 64925CEF2912889E00E3D902 /* Products */;
			projectDirPath = "";
			projectRoot = "";
			targets = (
				64925CED2912889E00E3D902 /* Homie */,
				64925CFD291288A000E3D902 /* HomieTests */,
				64925D07291288A000E3D902 /* HomieUITests */,
			);
		};
/* End PBXProject section */

/* Begin PBXResourcesBuildPhase section */
		64925CEC2912889E00E3D902 /* Resources */ = {
			isa = PBXResourcesBuildPhase;
			buildActionMask = 2147483647;
			files = (
				642BCAF42924FF000025D14E /* Assets.xcassets in Resources */,
				642BCAF82924FF000025D14E /* Preview Assets.xcassets in Resources */,
				642BCB0B292509770025D14E /* GoogleService-Info.plist in Resources */,
				642BCB002924FF000025D14E /* Launch Screen.storyboard in Resources */,
				645A3D8429141851004E3CA2 /* Gilroy in Resources */,
			);
			runOnlyForDeploymentPostprocessing = 0;
		};
		64925CFC291288A000E3D902 /* Resources */ = {
			isa = PBXResourcesBuildPhase;
			buildActionMask = 2147483647;
			files = (
			);
			runOnlyForDeploymentPostprocessing = 0;
		};
		64925D06291288A000E3D902 /* Resources */ = {
			isa = PBXResourcesBuildPhase;
			buildActionMask = 2147483647;
			files = (
				642BCAF52924FF000025D14E /* Assets.xcassets in Resources */,
				642BCAF92924FF000025D14E /* Preview Assets.xcassets in Resources */,
				642BCB012924FF000025D14E /* Launch Screen.storyboard in Resources */,
				645A3D8529141851004E3CA2 /* Gilroy in Resources */,
			);
			runOnlyForDeploymentPostprocessing = 0;
		};
/* End PBXResourcesBuildPhase section */

/* Begin PBXSourcesBuildPhase section */
		64925CEA2912889E00E3D902 /* Sources */ = {
			isa = PBXSourcesBuildPhase;
			buildActionMask = 2147483647;
			files = (
				642BCAF62924FF000025D14E /* LandlordPreviewComponent.swift in Sources */,
				642BCB112925533B0025D14E /* DataManager.swift in Sources */,
				642BCAFC2924FF000025D14E /* HeaderView.swift in Sources */,
				642BCB042924FF000025D14E /* CardFooterView.swift in Sources */,
				642BCB022924FF000025D14E /* AddPropertyFormView.swift in Sources */,
				642BCAF22924FF000025D14E /* GuideComponentView.swift in Sources */,
				642BCAE82924FF000025D14E /* FooterView.swift in Sources */,
				642BCAFA2924FF000025D14E /* PropertyFooterControlsView.swift in Sources */,
				642BCAFE2924FF000025D14E /* HomieApp.swift in Sources */,
				642BCB0F292523670025D14E /* LoginView.swift in Sources */,
				642BCAEA2924FF000025D14E /* Model.swift in Sources */,
				642BCB062924FF000025D14E /* ContentView.swift in Sources */,
				642BCB082924FF000025D14E /* GuideView.swift in Sources */,
				642BCAEE2924FF000025D14E /* Data.swift in Sources */,
				642BCAF02924FF000025D14E /* CardView.swift in Sources */,
			);
			runOnlyForDeploymentPostprocessing = 0;
		};
		64925CFA291288A000E3D902 /* Sources */ = {
			isa = PBXSourcesBuildPhase;
			buildActionMask = 2147483647;
			files = (
				64925D03291288A000E3D902 /* HomieTests.swift in Sources */,
			);
			runOnlyForDeploymentPostprocessing = 0;
		};
		64925D04291288A000E3D902 /* Sources */ = {
			isa = PBXSourcesBuildPhase;
			buildActionMask = 2147483647;
			files = (
				642BCAFF2924FF000025D14E /* HomieApp.swift in Sources */,
				642BCAF72924FF000025D14E /* LandlordPreviewComponent.swift in Sources */,
				642BCAF12924FF000025D14E /* CardView.swift in Sources */,
				642BCB092924FF000025D14E /* GuideView.swift in Sources */,
				642BCB052924FF000025D14E /* CardFooterView.swift in Sources */,
				642BCAEF2924FF000025D14E /* Data.swift in Sources */,
				642BCB032924FF000025D14E /* AddPropertyFormView.swift in Sources */,
				642BCAE92924FF000025D14E /* FooterView.swift in Sources */,
				64925D0D291288A000E3D902 /* HomieUITests.swift in Sources */,
				64925D0F291288A000E3D902 /* HomieUITestsLaunchTests.swift in Sources */,
				642BCAFD2924FF000025D14E /* HeaderView.swift in Sources */,
				642BCB072924FF000025D14E /* ContentView.swift in Sources */,
				642BCAEB2924FF000025D14E /* Model.swift in Sources */,
				642BCAFB2924FF000025D14E /* PropertyFooterControlsView.swift in Sources */,
				642BCAF32924FF000025D14E /* GuideComponentView.swift in Sources */,
			);
			runOnlyForDeploymentPostprocessing = 0;
		};
/* End PBXSourcesBuildPhase section */

/* Begin PBXTargetDependency section */
		64925D00291288A000E3D902 /* PBXTargetDependency */ = {
			isa = PBXTargetDependency;
			target = 64925CED2912889E00E3D902 /* Homie */;
			targetProxy = 64925CFF291288A000E3D902 /* PBXContainerItemProxy */;
		};
		64925D0A291288A000E3D902 /* PBXTargetDependency */ = {
			isa = PBXTargetDependency;
			target = 64925CED2912889E00E3D902 /* Homie */;
			targetProxy = 64925D09291288A000E3D902 /* PBXContainerItemProxy */;
		};
/* End PBXTargetDependency section */

/* Begin XCBuildConfiguration section */
		64925D10291288A000E3D902 /* Debug */ = {
			isa = XCBuildConfiguration;
			buildSettings = {
				ALWAYS_SEARCH_USER_PATHS = NO;
				CLANG_ANALYZER_NONNULL = YES;
				CLANG_ANALYZER_NUMBER_OBJECT_CONVERSION = YES_AGGRESSIVE;
				CLANG_CXX_LANGUAGE_STANDARD = "gnu++20";
				CLANG_ENABLE_MODULES = YES;
				CLANG_ENABLE_OBJC_ARC = YES;
				CLANG_ENABLE_OBJC_WEAK = YES;
				CLANG_WARN_BLOCK_CAPTURE_AUTORELEASING = YES;
				CLANG_WARN_BOOL_CONVERSION = YES;
				CLANG_WARN_COMMA = YES;
				CLANG_WARN_CONSTANT_CONVERSION = YES;
				CLANG_WARN_DEPRECATED_OBJC_IMPLEMENTATIONS = YES;
				CLANG_WARN_DIRECT_OBJC_ISA_USAGE = YES_ERROR;
				CLANG_WARN_DOCUMENTATION_COMMENTS = YES;
				CLANG_WARN_EMPTY_BODY = YES;
				CLANG_WARN_ENUM_CONVERSION = YES;
				CLANG_WARN_INFINITE_RECURSION = YES;
				CLANG_WARN_INT_CONVERSION = YES;
				CLANG_WARN_NON_LITERAL_NULL_CONVERSION = YES;
				CLANG_WARN_OBJC_IMPLICIT_RETAIN_SELF = YES;
				CLANG_WARN_OBJC_LITERAL_CONVERSION = YES;
				CLANG_WARN_OBJC_ROOT_CLASS = YES_ERROR;
				CLANG_WARN_QUOTED_INCLUDE_IN_FRAMEWORK_HEADER = YES;
				CLANG_WARN_RANGE_LOOP_ANALYSIS = YES;
				CLANG_WARN_STRICT_PROTOTYPES = YES;
				CLANG_WARN_SUSPICIOUS_MOVE = YES;
				CLANG_WARN_UNGUARDED_AVAILABILITY = YES_AGGRESSIVE;
				CLANG_WARN_UNREACHABLE_CODE = YES;
				CLANG_WARN__DUPLICATE_METHOD_MATCH = YES;
				COPY_PHASE_STRIP = NO;
				DEBUG_INFORMATION_FORMAT = dwarf;
				ENABLE_STRICT_OBJC_MSGSEND = YES;
				ENABLE_TESTABILITY = YES;
				GCC_C_LANGUAGE_STANDARD = gnu11;
				GCC_DYNAMIC_NO_PIC = NO;
				GCC_NO_COMMON_BLOCKS = YES;
				GCC_OPTIMIZATION_LEVEL = 0;
				GCC_PREPROCESSOR_DEFINITIONS = (
					"DEBUG=1",
					"$(inherited)",
				);
				GCC_WARN_64_TO_32_BIT_CONVERSION = YES;
				GCC_WARN_ABOUT_RETURN_TYPE = YES_ERROR;
				GCC_WARN_UNDECLARED_SELECTOR = YES;
				GCC_WARN_UNINITIALIZED_AUTOS = YES_AGGRESSIVE;
				GCC_WARN_UNUSED_FUNCTION = YES;
				GCC_WARN_UNUSED_VARIABLE = YES;
				IPHONEOS_DEPLOYMENT_TARGET = 16.0;
				MTL_ENABLE_DEBUG_INFO = INCLUDE_SOURCE;
				MTL_FAST_MATH = YES;
				ONLY_ACTIVE_ARCH = YES;
				SDKROOT = iphoneos;
				SWIFT_ACTIVE_COMPILATION_CONDITIONS = DEBUG;
				SWIFT_OPTIMIZATION_LEVEL = "-Onone";
			};
			name = Debug;
		};
		64925D11291288A000E3D902 /* Release */ = {
			isa = XCBuildConfiguration;
			buildSettings = {
				ALWAYS_SEARCH_USER_PATHS = NO;
				CLANG_ANALYZER_NONNULL = YES;
				CLANG_ANALYZER_NUMBER_OBJECT_CONVERSION = YES_AGGRESSIVE;
				CLANG_CXX_LANGUAGE_STANDARD = "gnu++20";
				CLANG_ENABLE_MODULES = YES;
				CLANG_ENABLE_OBJC_ARC = YES;
				CLANG_ENABLE_OBJC_WEAK = YES;
				CLANG_WARN_BLOCK_CAPTURE_AUTORELEASING = YES;
				CLANG_WARN_BOOL_CONVERSION = YES;
				CLANG_WARN_COMMA = YES;
				CLANG_WARN_CONSTANT_CONVERSION = YES;
				CLANG_WARN_DEPRECATED_OBJC_IMPLEMENTATIONS = YES;
				CLANG_WARN_DIRECT_OBJC_ISA_USAGE = YES_ERROR;
				CLANG_WARN_DOCUMENTATION_COMMENTS = YES;
				CLANG_WARN_EMPTY_BODY = YES;
				CLANG_WARN_ENUM_CONVERSION = YES;
				CLANG_WARN_INFINITE_RECURSION = YES;
				CLANG_WARN_INT_CONVERSION = YES;
				CLANG_WARN_NON_LITERAL_NULL_CONVERSION = YES;
				CLANG_WARN_OBJC_IMPLICIT_RETAIN_SELF = YES;
				CLANG_WARN_OBJC_LITERAL_CONVERSION = YES;
				CLANG_WARN_OBJC_ROOT_CLASS = YES_ERROR;
				CLANG_WARN_QUOTED_INCLUDE_IN_FRAMEWORK_HEADER = YES;
				CLANG_WARN_RANGE_LOOP_ANALYSIS = YES;
				CLANG_WARN_STRICT_PROTOTYPES = YES;
				CLANG_WARN_SUSPICIOUS_MOVE = YES;
				CLANG_WARN_UNGUARDED_AVAILABILITY = YES_AGGRESSIVE;
				CLANG_WARN_UNREACHABLE_CODE = YES;
				CLANG_WARN__DUPLICATE_METHOD_MATCH = YES;
				COPY_PHASE_STRIP = NO;
				DEBUG_INFORMATION_FORMAT = "dwarf-with-dsym";
				ENABLE_NS_ASSERTIONS = NO;
				ENABLE_STRICT_OBJC_MSGSEND = YES;
				GCC_C_LANGUAGE_STANDARD = gnu11;
				GCC_NO_COMMON_BLOCKS = YES;
				GCC_WARN_64_TO_32_BIT_CONVERSION = YES;
				GCC_WARN_ABOUT_RETURN_TYPE = YES_ERROR;
				GCC_WARN_UNDECLARED_SELECTOR = YES;
				GCC_WARN_UNINITIALIZED_AUTOS = YES_AGGRESSIVE;
				GCC_WARN_UNUSED_FUNCTION = YES;
				GCC_WARN_UNUSED_VARIABLE = YES;
				IPHONEOS_DEPLOYMENT_TARGET = 16.0;
				MTL_ENABLE_DEBUG_INFO = NO;
				MTL_FAST_MATH = YES;
				SDKROOT = iphoneos;
				SWIFT_COMPILATION_MODE = wholemodule;
				SWIFT_OPTIMIZATION_LEVEL = "-O";
				VALIDATE_PRODUCT = YES;
			};
			name = Release;
		};
		64925D13291288A000E3D902 /* Debug */ = {
			isa = XCBuildConfiguration;
			buildSettings = {
				ASSETCATALOG_COMPILER_APPICON_NAME = AppIcon;
				ASSETCATALOG_COMPILER_GLOBAL_ACCENT_COLOR_NAME = AccentColor;
				CODE_SIGN_STYLE = Automatic;
				CURRENT_PROJECT_VERSION = 1;
				DEVELOPMENT_ASSET_PATHS = "\"Homie/Preview Content\"";
				DEVELOPMENT_TEAM = ELD85TA58A;
				ENABLE_PREVIEWS = YES;
				GENERATE_INFOPLIST_FILE = YES;
				INFOPLIST_FILE = "Homeless-Info.plist";
				INFOPLIST_KEY_UIApplicationSceneManifest_Generation = YES;
				INFOPLIST_KEY_UIApplicationSupportsIndirectInputEvents = YES;
				INFOPLIST_KEY_UILaunchScreen_Generation = YES;
				INFOPLIST_KEY_UILaunchStoryboardName = "Launch Screen.storyboard";
				INFOPLIST_KEY_UISupportedInterfaceOrientations_iPad = "UIInterfaceOrientationPortrait UIInterfaceOrientationPortraitUpsideDown UIInterfaceOrientationLandscapeLeft UIInterfaceOrientationLandscapeRight";
				INFOPLIST_KEY_UISupportedInterfaceOrientations_iPhone = "UIInterfaceOrientationPortrait UIInterfaceOrientationLandscapeLeft UIInterfaceOrientationLandscapeRight";
				LD_RUNPATH_SEARCH_PATHS = (
					"$(inherited)",
					"@executable_path/Frameworks",
				);
				MARKETING_VERSION = 1.0;
				PRODUCT_BUNDLE_IDENTIFIER = com.edwardday.Homie;
				PRODUCT_NAME = "$(TARGET_NAME)";
				SWIFT_EMIT_LOC_STRINGS = YES;
				SWIFT_VERSION = 5.0;
				TARGETED_DEVICE_FAMILY = "1,2";
			};
			name = Debug;
		};
		64925D14291288A000E3D902 /* Release */ = {
			isa = XCBuildConfiguration;
			buildSettings = {
				ASSETCATALOG_COMPILER_APPICON_NAME = AppIcon;
				ASSETCATALOG_COMPILER_GLOBAL_ACCENT_COLOR_NAME = AccentColor;
				CODE_SIGN_STYLE = Automatic;
				CURRENT_PROJECT_VERSION = 1;
				DEVELOPMENT_ASSET_PATHS = "\"Homie/Preview Content\"";
				DEVELOPMENT_TEAM = ELD85TA58A;
				ENABLE_PREVIEWS = YES;
				GENERATE_INFOPLIST_FILE = YES;
				INFOPLIST_FILE = "Homeless-Info.plist";
				INFOPLIST_KEY_UIApplicationSceneManifest_Generation = YES;
				INFOPLIST_KEY_UIApplicationSupportsIndirectInputEvents = YES;
				INFOPLIST_KEY_UILaunchScreen_Generation = YES;
				INFOPLIST_KEY_UILaunchStoryboardName = "Launch Screen.storyboard";
				INFOPLIST_KEY_UISupportedInterfaceOrientations_iPad = "UIInterfaceOrientationPortrait UIInterfaceOrientationPortraitUpsideDown UIInterfaceOrientationLandscapeLeft UIInterfaceOrientationLandscapeRight";
				INFOPLIST_KEY_UISupportedInterfaceOrientations_iPhone = "UIInterfaceOrientationPortrait UIInterfaceOrientationLandscapeLeft UIInterfaceOrientationLandscapeRight";
				LD_RUNPATH_SEARCH_PATHS = (
					"$(inherited)",
					"@executable_path/Frameworks",
				);
				MARKETING_VERSION = 1.0;
				PRODUCT_BUNDLE_IDENTIFIER = com.edwardday.Homie;
				PRODUCT_NAME = "$(TARGET_NAME)";
				SWIFT_EMIT_LOC_STRINGS = YES;
				SWIFT_VERSION = 5.0;
				TARGETED_DEVICE_FAMILY = "1,2";
			};
			name = Release;
		};
		64925D16291288A000E3D902 /* Debug */ = {
			isa = XCBuildConfiguration;
			buildSettings = {
				ALWAYS_EMBED_SWIFT_STANDARD_LIBRARIES = YES;
				BUNDLE_LOADER = "$(TEST_HOST)";
				CODE_SIGN_STYLE = Automatic;
				CURRENT_PROJECT_VERSION = 1;
				DEVELOPMENT_TEAM = ELD85TA58A;
				GENERATE_INFOPLIST_FILE = YES;
				IPHONEOS_DEPLOYMENT_TARGET = 16.0;
				MARKETING_VERSION = 1.0;
				PRODUCT_BUNDLE_IDENTIFIER = com.edwardday.HomieTests;
				PRODUCT_NAME = "$(TARGET_NAME)";
				SWIFT_EMIT_LOC_STRINGS = NO;
				SWIFT_VERSION = 5.0;
				TARGETED_DEVICE_FAMILY = "1,2";
				TEST_HOST = "$(BUILT_PRODUCTS_DIR)/Homie.app/$(BUNDLE_EXECUTABLE_FOLDER_PATH)/Homie";
			};
			name = Debug;
		};
		64925D17291288A000E3D902 /* Release */ = {
			isa = XCBuildConfiguration;
			buildSettings = {
				ALWAYS_EMBED_SWIFT_STANDARD_LIBRARIES = YES;
				BUNDLE_LOADER = "$(TEST_HOST)";
				CODE_SIGN_STYLE = Automatic;
				CURRENT_PROJECT_VERSION = 1;
				DEVELOPMENT_TEAM = ELD85TA58A;
				GENERATE_INFOPLIST_FILE = YES;
				IPHONEOS_DEPLOYMENT_TARGET = 16.0;
				MARKETING_VERSION = 1.0;
				PRODUCT_BUNDLE_IDENTIFIER = com.edwardday.HomieTests;
				PRODUCT_NAME = "$(TARGET_NAME)";
				SWIFT_EMIT_LOC_STRINGS = NO;
				SWIFT_VERSION = 5.0;
				TARGETED_DEVICE_FAMILY = "1,2";
				TEST_HOST = "$(BUILT_PRODUCTS_DIR)/Homie.app/$(BUNDLE_EXECUTABLE_FOLDER_PATH)/Homie";
			};
			name = Release;
		};
		64925D19291288A000E3D902 /* Debug */ = {
			isa = XCBuildConfiguration;
			buildSettings = {
				ALWAYS_EMBED_SWIFT_STANDARD_LIBRARIES = YES;
				CODE_SIGN_STYLE = Automatic;
				CURRENT_PROJECT_VERSION = 1;
				DEVELOPMENT_TEAM = ELD85TA58A;
				GENERATE_INFOPLIST_FILE = YES;
				MARKETING_VERSION = 1.0;
				PRODUCT_BUNDLE_IDENTIFIER = com.edwardday.HomieUITests;
				PRODUCT_NAME = "$(TARGET_NAME)";
				SWIFT_EMIT_LOC_STRINGS = NO;
				SWIFT_VERSION = 5.0;
				TARGETED_DEVICE_FAMILY = "1,2";
				TEST_TARGET_NAME = Homie;
			};
			name = Debug;
		};
		64925D1A291288A000E3D902 /* Release */ = {
			isa = XCBuildConfiguration;
			buildSettings = {
				ALWAYS_EMBED_SWIFT_STANDARD_LIBRARIES = YES;
				CODE_SIGN_STYLE = Automatic;
				CURRENT_PROJECT_VERSION = 1;
				DEVELOPMENT_TEAM = ELD85TA58A;
				GENERATE_INFOPLIST_FILE = YES;
				MARKETING_VERSION = 1.0;
				PRODUCT_BUNDLE_IDENTIFIER = com.edwardday.HomieUITests;
				PRODUCT_NAME = "$(TARGET_NAME)";
				SWIFT_EMIT_LOC_STRINGS = NO;
				SWIFT_VERSION = 5.0;
				TARGETED_DEVICE_FAMILY = "1,2";
				TEST_TARGET_NAME = Homie;
			};
			name = Release;
		};
/* End XCBuildConfiguration section */

/* Begin XCConfigurationList section */
		64925CE92912889D00E3D902 /* Build configuration list for PBXProject "Homie" */ = {
			isa = XCConfigurationList;
			buildConfigurations = (
				64925D10291288A000E3D902 /* Debug */,
				64925D11291288A000E3D902 /* Release */,
			);
			defaultConfigurationIsVisible = 0;
			defaultConfigurationName = Release;
		};
		64925D12291288A000E3D902 /* Build configuration list for PBXNativeTarget "Homie" */ = {
			isa = XCConfigurationList;
			buildConfigurations = (
				64925D13291288A000E3D902 /* Debug */,
				64925D14291288A000E3D902 /* Release */,
			);
			defaultConfigurationIsVisible = 0;
			defaultConfigurationName = Release;
		};
		64925D15291288A000E3D902 /* Build configuration list for PBXNativeTarget "HomieTests" */ = {
			isa = XCConfigurationList;
			buildConfigurations = (
				64925D16291288A000E3D902 /* Debug */,
				64925D17291288A000E3D902 /* Release */,
			);
			defaultConfigurationIsVisible = 0;
			defaultConfigurationName = Release;
		};
		64925D18291288A000E3D902 /* Build configuration list for PBXNativeTarget "HomieUITests" */ = {
			isa = XCConfigurationList;
			buildConfigurations = (
				64925D19291288A000E3D902 /* Debug */,
				64925D1A291288A000E3D902 /* Release */,
			);
			defaultConfigurationIsVisible = 0;
			defaultConfigurationName = Release;
		};
/* End XCConfigurationList section */

/* Begin XCRemoteSwiftPackageReference section */
		64D152872924F7DF00C72644 /* XCRemoteSwiftPackageReference "firebase-ios-sdk" */ = {
			isa = XCRemoteSwiftPackageReference;
			repositoryURL = "https://github.com/firebase/firebase-ios-sdk";
			requirement = {
				kind = upToNextMajorVersion;
				minimumVersion = 9.0.0;
			};
		};
/* End XCRemoteSwiftPackageReference section */

/* Begin XCSwiftPackageProductDependency section */
		64D152882924F7DF00C72644 /* FirebaseAnalyticsSwift */ = {
			isa = XCSwiftPackageProductDependency;
			package = 64D152872924F7DF00C72644 /* XCRemoteSwiftPackageReference "firebase-ios-sdk" */;
			productName = FirebaseAnalyticsSwift;
		};
		64D1528A2924F7DF00C72644 /* FirebaseAnalyticsWithoutAdIdSupport */ = {
			isa = XCSwiftPackageProductDependency;
			package = 64D152872924F7DF00C72644 /* XCRemoteSwiftPackageReference "firebase-ios-sdk" */;
			productName = FirebaseAnalyticsWithoutAdIdSupport;
		};
		64D1528C2924F7DF00C72644 /* FirebaseAppCheck */ = {
			isa = XCSwiftPackageProductDependency;
			package = 64D152872924F7DF00C72644 /* XCRemoteSwiftPackageReference "firebase-ios-sdk" */;
			productName = FirebaseAppCheck;
		};
		64D1528E2924F7DF00C72644 /* FirebaseAppDistribution-Beta */ = {
			isa = XCSwiftPackageProductDependency;
			package = 64D152872924F7DF00C72644 /* XCRemoteSwiftPackageReference "firebase-ios-sdk" */;
			productName = "FirebaseAppDistribution-Beta";
		};
		64D152902924F7DF00C72644 /* FirebaseAuth */ = {
			isa = XCSwiftPackageProductDependency;
			package = 64D152872924F7DF00C72644 /* XCRemoteSwiftPackageReference "firebase-ios-sdk" */;
			productName = FirebaseAuth;
		};
		64D152922924F7DF00C72644 /* FirebaseAuthCombine-Community */ = {
			isa = XCSwiftPackageProductDependency;
			package = 64D152872924F7DF00C72644 /* XCRemoteSwiftPackageReference "firebase-ios-sdk" */;
			productName = "FirebaseAuthCombine-Community";
		};
		64D152942924F7DF00C72644 /* FirebaseDatabase */ = {
			isa = XCSwiftPackageProductDependency;
			package = 64D152872924F7DF00C72644 /* XCRemoteSwiftPackageReference "firebase-ios-sdk" */;
			productName = FirebaseDatabase;
		};
		64D152962924F7DF00C72644 /* FirebaseDatabaseSwift */ = {
			isa = XCSwiftPackageProductDependency;
			package = 64D152872924F7DF00C72644 /* XCRemoteSwiftPackageReference "firebase-ios-sdk" */;
			productName = FirebaseDatabaseSwift;
		};
		64D152982924F7DF00C72644 /* FirebaseDynamicLinks */ = {
			isa = XCSwiftPackageProductDependency;
			package = 64D152872924F7DF00C72644 /* XCRemoteSwiftPackageReference "firebase-ios-sdk" */;
			productName = FirebaseDynamicLinks;
		};
		64D1529A2924F7DF00C72644 /* FirebaseFirestore */ = {
			isa = XCSwiftPackageProductDependency;
			package = 64D152872924F7DF00C72644 /* XCRemoteSwiftPackageReference "firebase-ios-sdk" */;
			productName = FirebaseFirestore;
		};
		64D1529C2924F7DF00C72644 /* FirebaseFirestoreCombine-Community */ = {
			isa = XCSwiftPackageProductDependency;
			package = 64D152872924F7DF00C72644 /* XCRemoteSwiftPackageReference "firebase-ios-sdk" */;
			productName = "FirebaseFirestoreCombine-Community";
		};
		64D1529E2924F7DF00C72644 /* FirebaseFirestoreSwift */ = {
			isa = XCSwiftPackageProductDependency;
			package = 64D152872924F7DF00C72644 /* XCRemoteSwiftPackageReference "firebase-ios-sdk" */;
			productName = FirebaseFirestoreSwift;
		};
		64D152A02924F7DF00C72644 /* FirebaseFunctions */ = {
			isa = XCSwiftPackageProductDependency;
			package = 64D152872924F7DF00C72644 /* XCRemoteSwiftPackageReference "firebase-ios-sdk" */;
			productName = FirebaseFunctions;
		};
		64D152A22924F7DF00C72644 /* FirebaseFunctionsCombine-Community */ = {
			isa = XCSwiftPackageProductDependency;
			package = 64D152872924F7DF00C72644 /* XCRemoteSwiftPackageReference "firebase-ios-sdk" */;
			productName = "FirebaseFunctionsCombine-Community";
		};
		64D152A42924F7DF00C72644 /* FirebaseInAppMessaging-Beta */ = {
			isa = XCSwiftPackageProductDependency;
			package = 64D152872924F7DF00C72644 /* XCRemoteSwiftPackageReference "firebase-ios-sdk" */;
			productName = "FirebaseInAppMessaging-Beta";
		};
		64D152A62924F7DF00C72644 /* FirebaseInAppMessagingSwift-Beta */ = {
			isa = XCSwiftPackageProductDependency;
			package = 64D152872924F7DF00C72644 /* XCRemoteSwiftPackageReference "firebase-ios-sdk" */;
			productName = "FirebaseInAppMessagingSwift-Beta";
		};
		64D152A82924F7DF00C72644 /* FirebaseInstallations */ = {
			isa = XCSwiftPackageProductDependency;
			package = 64D152872924F7DF00C72644 /* XCRemoteSwiftPackageReference "firebase-ios-sdk" */;
			productName = FirebaseInstallations;
		};
		64D152AA2924F7DF00C72644 /* FirebaseMessaging */ = {
			isa = XCSwiftPackageProductDependency;
			package = 64D152872924F7DF00C72644 /* XCRemoteSwiftPackageReference "firebase-ios-sdk" */;
			productName = FirebaseMessaging;
		};
		64D152AC2924F7DF00C72644 /* FirebaseStorage */ = {
			isa = XCSwiftPackageProductDependency;
			package = 64D152872924F7DF00C72644 /* XCRemoteSwiftPackageReference "firebase-ios-sdk" */;
			productName = FirebaseStorage;
		};
		64D152AE2924F7DF00C72644 /* FirebaseStorageCombine-Community */ = {
			isa = XCSwiftPackageProductDependency;
			package = 64D152872924F7DF00C72644 /* XCRemoteSwiftPackageReference "firebase-ios-sdk" */;
			productName = "FirebaseStorageCombine-Community";
		};
/* End XCSwiftPackageProductDependency section */
	};
	rootObject = 64925CE62912889D00E3D902 /* Project object */;
}
