// !$*UTF8*$!
{
	archiveVersion = 1;
	classes = {
	};
	objectVersion = 56;
	objects = {

/* Begin PBXBuildFile section */
		6421960B297EF5550096EE3E /* FiltersModel.swift in Sources */ = {isa = PBXBuildFile; fileRef = 6421960A297EF5550096EE3E /* FiltersModel.swift */; };
		6428069829B42A9B00BB7EFF /* GoogleSignInSwift in Frameworks */ = {isa = PBXBuildFile; productRef = 6428069729B42A9B00BB7EFF /* GoogleSignInSwift */; };
		644B0002298065C4002561FC /* Home.swift in Sources */ = {isa = PBXBuildFile; fileRef = 644B0001298065C4002561FC /* Home.swift */; };
		644B000429806B05002561FC /* DiscoverViewModel.swift in Sources */ = {isa = PBXBuildFile; fileRef = 644B000329806B05002561FC /* DiscoverViewModel.swift */; };
		644B0006298418F8002561FC /* UserView.swift in Sources */ = {isa = PBXBuildFile; fileRef = 644B0005298418F8002561FC /* UserView.swift */; };
		644B00082984194B002561FC /* UserViewModel.swift in Sources */ = {isa = PBXBuildFile; fileRef = 644B00072984194B002561FC /* UserViewModel.swift */; };
		6464508A29A8452A005CDD97 /* InboxView.swift in Sources */ = {isa = PBXBuildFile; fileRef = 6464508929A8452A005CDD97 /* InboxView.swift */; };
		6464508C29A9939D005CDD97 /* MenuIcon.swift in Sources */ = {isa = PBXBuildFile; fileRef = 6464508B29A9939D005CDD97 /* MenuIcon.swift */; };
		6464509429AAAF21005CDD97 /* SiftTests.swift in Sources */ = {isa = PBXBuildFile; fileRef = 6464509329AAAF21005CDD97 /* SiftTests.swift */; };
		646450A329ABCBE5005CDD97 /* loading.json in Resources */ = {isa = PBXBuildFile; fileRef = 646450A229ABCBE5005CDD97 /* loading.json */; };
		6467A34629A778D10075A0CA /* ListingTags.swift in Sources */ = {isa = PBXBuildFile; fileRef = 6467A34529A778D10075A0CA /* ListingTags.swift */; };
		6467A34A29A7968D0075A0CA /* MapView.swift in Sources */ = {isa = PBXBuildFile; fileRef = 6467A34929A7968D0075A0CA /* MapView.swift */; };
		646DA4A929967C22006CC832 /* Kingfisher in Frameworks */ = {isa = PBXBuildFile; productRef = 646DA4A829967C22006CC832 /* Kingfisher */; };
		647D4C00298991680082C868 /* SavedView.swift in Sources */ = {isa = PBXBuildFile; fileRef = 647D4BFF298991680082C868 /* SavedView.swift */; };
		649CD03D29950BCC00585E8A /* SearchBar.swift in Sources */ = {isa = PBXBuildFile; fileRef = 649CD03C29950BCC00585E8A /* SearchBar.swift */; };
		649CD03F29953BDE00585E8A /* SmoothASync.swift in Sources */ = {isa = PBXBuildFile; fileRef = 649CD03E29953BDD00585E8A /* SmoothASync.swift */; };
		649D7218297431D700E10D6B /* DiscoverView.swift in Sources */ = {isa = PBXBuildFile; fileRef = 649D7217297431D700E10D6B /* DiscoverView.swift */; };
		64AD68F429887C3E004EB52F /* SavedViewModel.swift in Sources */ = {isa = PBXBuildFile; fileRef = 64AD68F329887C3E004EB52F /* SavedViewModel.swift */; };
		64B47D31296F91DE00E0F4D7 /* PropertyModel.swift in Sources */ = {isa = PBXBuildFile; fileRef = 64B47D30296F91DE00E0F4D7 /* PropertyModel.swift */; };
		64B47D33296F952500E0F4D7 /* UserModel.swift in Sources */ = {isa = PBXBuildFile; fileRef = 64B47D32296F952500E0F4D7 /* UserModel.swift */; };
		64B5F24B296F308E00315553 /* SiftApp.swift in Sources */ = {isa = PBXBuildFile; fileRef = 64B5F238296F308D00315553 /* SiftApp.swift */; };
		64B5F24C296F308E00315553 /* Assets.xcassets in Resources */ = {isa = PBXBuildFile; fileRef = 64B5F239296F308D00315553 /* Assets.xcassets */; };
		64B5F24D296F308E00315553 /* LoginViewModel.swift in Sources */ = {isa = PBXBuildFile; fileRef = 64B5F23B296F308D00315553 /* LoginViewModel.swift */; };
		64B5F24E296F308E00315553 /* Preview Assets.xcassets in Resources */ = {isa = PBXBuildFile; fileRef = 64B5F23D296F308D00315553 /* Preview Assets.xcassets */; };
		64B5F24F296F308E00315553 /* WebService.swift in Sources */ = {isa = PBXBuildFile; fileRef = 64B5F23F296F308D00315553 /* WebService.swift */; };
		64B5F250296F308E00315553 /* CardComponents.swift in Sources */ = {isa = PBXBuildFile; fileRef = 64B5F241296F308D00315553 /* CardComponents.swift */; };
		64B5F251296F308E00315553 /* ProfileImageComponent.swift in Sources */ = {isa = PBXBuildFile; fileRef = 64B5F242296F308D00315553 /* ProfileImageComponent.swift */; };
		64B5F252296F308E00315553 /* NavBarComponent.swift in Sources */ = {isa = PBXBuildFile; fileRef = 64B5F243296F308D00315553 /* NavBarComponent.swift */; };
		64B5F253296F308E00315553 /* ListingView.swift in Sources */ = {isa = PBXBuildFile; fileRef = 64B5F245296F308D00315553 /* ListingView.swift */; };
		64B5F254296F308E00315553 /* LoginView.swift in Sources */ = {isa = PBXBuildFile; fileRef = 64B5F246296F308D00315553 /* LoginView.swift */; };
		64B5F255296F308E00315553 /* HomeView.swift in Sources */ = {isa = PBXBuildFile; fileRef = 64B5F247296F308D00315553 /* HomeView.swift */; };
		64B5F256296F308E00315553 /* WelcomeView.swift in Sources */ = {isa = PBXBuildFile; fileRef = 64B5F248296F308D00315553 /* WelcomeView.swift */; };
		64B5F257296F308E00315553 /* SignUpView.swift in Sources */ = {isa = PBXBuildFile; fileRef = 64B5F249296F308D00315553 /* SignUpView.swift */; };
		64B5F258296F308E00315553 /* ContentView.swift in Sources */ = {isa = PBXBuildFile; fileRef = 64B5F24A296F308D00315553 /* ContentView.swift */; };
		64B81C8B29D46BE300A350A1 /* CardsView.swift in Sources */ = {isa = PBXBuildFile; fileRef = 64B81C8A29D46BE300A350A1 /* CardsView.swift */; };
		64CB0844299B9AD40099D89C /* LikeModel.swift in Sources */ = {isa = PBXBuildFile; fileRef = 64CB0843299B9AD40099D89C /* LikeModel.swift */; };
		64CB0846299BACCE0099D89C /* ASyncButton.swift in Sources */ = {isa = PBXBuildFile; fileRef = 64CB0845299BACCE0099D89C /* ASyncButton.swift */; };
		64CB0848299BEF960099D89C /* SettingsView.swift in Sources */ = {isa = PBXBuildFile; fileRef = 64CB0847299BEF960099D89C /* SettingsView.swift */; };
		64CB084B299C239F0099D89C /* Lottie in Frameworks */ = {isa = PBXBuildFile; productRef = 64CB084A299C239F0099D89C /* Lottie */; };
		64CB084D299C242E0099D89C /* OnboardingView.swift in Sources */ = {isa = PBXBuildFile; fileRef = 64CB084C299C242E0099D89C /* OnboardingView.swift */; };
		64CB084F299C24620099D89C /* OnboardingItemModel.swift in Sources */ = {isa = PBXBuildFile; fileRef = 64CB084E299C24620099D89C /* OnboardingItemModel.swift */; };
		64CB0851299C46970099D89C /* house.json in Resources */ = {isa = PBXBuildFile; fileRef = 64CB0850299C46960099D89C /* house.json */; };
		64CB0855299C5CC00099D89C /* search.json in Resources */ = {isa = PBXBuildFile; fileRef = 64CB0852299C5CC00099D89C /* search.json */; };
		64CB0856299C5CC00099D89C /* people.json in Resources */ = {isa = PBXBuildFile; fileRef = 64CB0853299C5CC00099D89C /* people.json */; };
		64CB0857299C5CC00099D89C /* city.json in Resources */ = {isa = PBXBuildFile; fileRef = 64CB0854299C5CC00099D89C /* city.json */; };
		64CB085A299CE1F90099D89C /* AgentView.swift in Sources */ = {isa = PBXBuildFile; fileRef = 64CB0859299CE1F80099D89C /* AgentView.swift */; };
		64CB085C299CE2490099D89C /* AgentViewModel.swift in Sources */ = {isa = PBXBuildFile; fileRef = 64CB085B299CE2490099D89C /* AgentViewModel.swift */; };
		64D54BD4299FD9700025C398 /* MainView.swift in Sources */ = {isa = PBXBuildFile; fileRef = 64D54BD3299FD9700025C398 /* MainView.swift */; };
		64D54BD6299FDD850025C398 /* SidebarTabButton.swift in Sources */ = {isa = PBXBuildFile; fileRef = 64D54BD5299FDD850025C398 /* SidebarTabButton.swift */; };
		64D54BD8299FE0E40025C398 /* CustomCorners.swift in Sources */ = {isa = PBXBuildFile; fileRef = 64D54BD7299FE0E40025C398 /* CustomCorners.swift */; };
		64D54BDA299FF8B30025C398 /* Sidebar.swift in Sources */ = {isa = PBXBuildFile; fileRef = 64D54BD9299FF8B30025C398 /* Sidebar.swift */; };
		64D54BDC299FF97B0025C398 /* TabsView.swift in Sources */ = {isa = PBXBuildFile; fileRef = 64D54BDB299FF97B0025C398 /* TabsView.swift */; };
		64D54BED29A6BD670025C398 /* ImageSlider.swift in Sources */ = {isa = PBXBuildFile; fileRef = 64D54BEC29A6BD670025C398 /* ImageSlider.swift */; };
		64D54BEF29A6CB460025C398 /* RatingBar.swift in Sources */ = {isa = PBXBuildFile; fileRef = 64D54BEE29A6CB460025C398 /* RatingBar.swift */; };
		64DBEE922972F16C0084BC13 /* PropertyCardModel.swift in Sources */ = {isa = PBXBuildFile; fileRef = 64DBEE912972F16C0084BC13 /* PropertyCardModel.swift */; };
		64DBEE94297301330084BC13 /* FilterButtonComponent.swift in Sources */ = {isa = PBXBuildFile; fileRef = 64DBEE93297301330084BC13 /* FilterButtonComponent.swift */; };
		64E053B829B4BD5F002B3A4E /* ApplicationUtility.swift in Sources */ = {isa = PBXBuildFile; fileRef = 64E053B729B4BD5F002B3A4E /* ApplicationUtility.swift */; };
		64E053BE29B5DA4D002B3A4E /* Lora.ttf in Resources */ = {isa = PBXBuildFile; fileRef = 64E053BD29B5DA24002B3A4E /* Lora.ttf */; };
		64E053BF29B5DA50002B3A4E /* Lora-Italic.ttf in Resources */ = {isa = PBXBuildFile; fileRef = 64E053BC29B5DA23002B3A4E /* Lora-Italic.ttf */; };
		64E053C129B614E4002B3A4E /* SignUpViewModel.swift in Sources */ = {isa = PBXBuildFile; fileRef = 64E053C029B614E4002B3A4E /* SignUpViewModel.swift */; };
		64F1119D298A9864008A3A4C /* BrowseView.swift in Sources */ = {isa = PBXBuildFile; fileRef = 64F1119C298A9864008A3A4C /* BrowseView.swift */; };
		64F1119F298B034B008A3A4C /* FiltersView.swift in Sources */ = {isa = PBXBuildFile; fileRef = 64F1119E298B034B008A3A4C /* FiltersView.swift */; };
		64F111A1298B0C28008A3A4C /* RangeSlider.swift in Sources */ = {isa = PBXBuildFile; fileRef = 64F111A0298B0C28008A3A4C /* RangeSlider.swift */; };
/* End PBXBuildFile section */

/* Begin PBXContainerItemProxy section */
		6464509529AAAF21005CDD97 /* PBXContainerItemProxy */ = {
			isa = PBXContainerItemProxy;
			containerPortal = 642402EF2937F9B900F928F3 /* Project object */;
			proxyType = 1;
			remoteGlobalIDString = 642402F62937F9B900F928F3;
			remoteInfo = Sift;
		};
/* End PBXContainerItemProxy section */

/* Begin PBXFileReference section */
		6421960A297EF5550096EE3E /* FiltersModel.swift */ = {isa = PBXFileReference; lastKnownFileType = sourcecode.swift; path = FiltersModel.swift; sourceTree = "<group>"; };
		642402F72937F9B900F928F3 /* Sift.app */ = {isa = PBXFileReference; explicitFileType = wrapper.application; includeInIndex = 0; path = Sift.app; sourceTree = BUILT_PRODUCTS_DIR; };
		6424030B2937F9BB00F928F3 /* ArticulateTests.swift */ = {isa = PBXFileReference; lastKnownFileType = sourcecode.swift; path = ArticulateTests.swift; sourceTree = "<group>"; };
		642403152937F9BB00F928F3 /* ArticulateUITests.swift */ = {isa = PBXFileReference; lastKnownFileType = sourcecode.swift; path = ArticulateUITests.swift; sourceTree = "<group>"; };
		642403172937F9BB00F928F3 /* ArticulateUITestsLaunchTests.swift */ = {isa = PBXFileReference; lastKnownFileType = sourcecode.swift; path = ArticulateUITestsLaunchTests.swift; sourceTree = "<group>"; };
		644B0001298065C4002561FC /* Home.swift */ = {isa = PBXFileReference; lastKnownFileType = sourcecode.swift; path = Home.swift; sourceTree = "<group>"; };
		644B000329806B05002561FC /* DiscoverViewModel.swift */ = {isa = PBXFileReference; lastKnownFileType = sourcecode.swift; path = DiscoverViewModel.swift; sourceTree = "<group>"; };
		644B0005298418F8002561FC /* UserView.swift */ = {isa = PBXFileReference; lastKnownFileType = sourcecode.swift; path = UserView.swift; sourceTree = "<group>"; };
		644B00072984194B002561FC /* UserViewModel.swift */ = {isa = PBXFileReference; lastKnownFileType = sourcecode.swift; path = UserViewModel.swift; sourceTree = "<group>"; };
		6464508929A8452A005CDD97 /* InboxView.swift */ = {isa = PBXFileReference; lastKnownFileType = sourcecode.swift; path = InboxView.swift; sourceTree = "<group>"; };
		6464508B29A9939D005CDD97 /* MenuIcon.swift */ = {isa = PBXFileReference; lastKnownFileType = sourcecode.swift; path = MenuIcon.swift; sourceTree = "<group>"; };
		6464509129AAAF21005CDD97 /* SiftTests.xctest */ = {isa = PBXFileReference; explicitFileType = wrapper.cfbundle; includeInIndex = 0; path = SiftTests.xctest; sourceTree = BUILT_PRODUCTS_DIR; };
		6464509329AAAF21005CDD97 /* SiftTests.swift */ = {isa = PBXFileReference; lastKnownFileType = sourcecode.swift; path = SiftTests.swift; sourceTree = "<group>"; };
		646450A229ABCBE5005CDD97 /* loading.json */ = {isa = PBXFileReference; fileEncoding = 4; lastKnownFileType = text.json; path = loading.json; sourceTree = "<group>"; };
		6467A34529A778D10075A0CA /* ListingTags.swift */ = {isa = PBXFileReference; lastKnownFileType = sourcecode.swift; path = ListingTags.swift; sourceTree = "<group>"; };
		6467A34929A7968D0075A0CA /* MapView.swift */ = {isa = PBXFileReference; lastKnownFileType = sourcecode.swift; path = MapView.swift; sourceTree = "<group>"; };
		647D4BFF298991680082C868 /* SavedView.swift */ = {isa = PBXFileReference; lastKnownFileType = sourcecode.swift; path = SavedView.swift; sourceTree = "<group>"; };
		649CD03C29950BCC00585E8A /* SearchBar.swift */ = {isa = PBXFileReference; lastKnownFileType = sourcecode.swift; path = SearchBar.swift; sourceTree = "<group>"; };
		649CD03E29953BDD00585E8A /* SmoothASync.swift */ = {isa = PBXFileReference; lastKnownFileType = sourcecode.swift; path = SmoothASync.swift; sourceTree = "<group>"; };
		649D7217297431D700E10D6B /* DiscoverView.swift */ = {isa = PBXFileReference; lastKnownFileType = sourcecode.swift; path = DiscoverView.swift; sourceTree = "<group>"; };
		64AD68F329887C3E004EB52F /* SavedViewModel.swift */ = {isa = PBXFileReference; lastKnownFileType = sourcecode.swift; path = SavedViewModel.swift; sourceTree = "<group>"; };
		64B47D30296F91DE00E0F4D7 /* PropertyModel.swift */ = {isa = PBXFileReference; lastKnownFileType = sourcecode.swift; path = PropertyModel.swift; sourceTree = "<group>"; };
		64B47D32296F952500E0F4D7 /* UserModel.swift */ = {isa = PBXFileReference; lastKnownFileType = sourcecode.swift; path = UserModel.swift; sourceTree = "<group>"; };
		64B5F238296F308D00315553 /* SiftApp.swift */ = {isa = PBXFileReference; fileEncoding = 4; lastKnownFileType = sourcecode.swift; path = SiftApp.swift; sourceTree = "<group>"; };
		64B5F239296F308D00315553 /* Assets.xcassets */ = {isa = PBXFileReference; lastKnownFileType = folder.assetcatalog; path = Assets.xcassets; sourceTree = "<group>"; };
		64B5F23B296F308D00315553 /* LoginViewModel.swift */ = {isa = PBXFileReference; fileEncoding = 4; lastKnownFileType = sourcecode.swift; path = LoginViewModel.swift; sourceTree = "<group>"; };
		64B5F23D296F308D00315553 /* Preview Assets.xcassets */ = {isa = PBXFileReference; lastKnownFileType = folder.assetcatalog; path = "Preview Assets.xcassets"; sourceTree = "<group>"; };
		64B5F23F296F308D00315553 /* WebService.swift */ = {isa = PBXFileReference; fileEncoding = 4; lastKnownFileType = sourcecode.swift; path = WebService.swift; sourceTree = "<group>"; };
		64B5F241296F308D00315553 /* CardComponents.swift */ = {isa = PBXFileReference; fileEncoding = 4; lastKnownFileType = sourcecode.swift; path = CardComponents.swift; sourceTree = "<group>"; };
		64B5F242296F308D00315553 /* ProfileImageComponent.swift */ = {isa = PBXFileReference; fileEncoding = 4; lastKnownFileType = sourcecode.swift; path = ProfileImageComponent.swift; sourceTree = "<group>"; };
		64B5F243296F308D00315553 /* NavBarComponent.swift */ = {isa = PBXFileReference; fileEncoding = 4; lastKnownFileType = sourcecode.swift; path = NavBarComponent.swift; sourceTree = "<group>"; };
		64B5F245296F308D00315553 /* ListingView.swift */ = {isa = PBXFileReference; fileEncoding = 4; lastKnownFileType = sourcecode.swift; path = ListingView.swift; sourceTree = "<group>"; };
		64B5F246296F308D00315553 /* LoginView.swift */ = {isa = PBXFileReference; fileEncoding = 4; lastKnownFileType = sourcecode.swift; path = LoginView.swift; sourceTree = "<group>"; };
		64B5F247296F308D00315553 /* HomeView.swift */ = {isa = PBXFileReference; fileEncoding = 4; lastKnownFileType = sourcecode.swift; path = HomeView.swift; sourceTree = "<group>"; };
		64B5F248296F308D00315553 /* WelcomeView.swift */ = {isa = PBXFileReference; fileEncoding = 4; lastKnownFileType = sourcecode.swift; path = WelcomeView.swift; sourceTree = "<group>"; };
		64B5F249296F308D00315553 /* SignUpView.swift */ = {isa = PBXFileReference; fileEncoding = 4; lastKnownFileType = sourcecode.swift; path = SignUpView.swift; sourceTree = "<group>"; };
		64B5F24A296F308D00315553 /* ContentView.swift */ = {isa = PBXFileReference; fileEncoding = 4; lastKnownFileType = sourcecode.swift; path = ContentView.swift; sourceTree = "<group>"; };
		64B81C8A29D46BE300A350A1 /* CardsView.swift */ = {isa = PBXFileReference; lastKnownFileType = sourcecode.swift; path = CardsView.swift; sourceTree = "<group>"; };
		64CB0843299B9AD40099D89C /* LikeModel.swift */ = {isa = PBXFileReference; lastKnownFileType = sourcecode.swift; path = LikeModel.swift; sourceTree = "<group>"; };
		64CB0845299BACCE0099D89C /* ASyncButton.swift */ = {isa = PBXFileReference; lastKnownFileType = sourcecode.swift; path = ASyncButton.swift; sourceTree = "<group>"; };
		64CB0847299BEF960099D89C /* SettingsView.swift */ = {isa = PBXFileReference; lastKnownFileType = sourcecode.swift; path = SettingsView.swift; sourceTree = "<group>"; };
		64CB084C299C242E0099D89C /* OnboardingView.swift */ = {isa = PBXFileReference; lastKnownFileType = sourcecode.swift; path = OnboardingView.swift; sourceTree = "<group>"; };
		64CB084E299C24620099D89C /* OnboardingItemModel.swift */ = {isa = PBXFileReference; lastKnownFileType = sourcecode.swift; path = OnboardingItemModel.swift; sourceTree = "<group>"; };
		64CB0850299C46960099D89C /* house.json */ = {isa = PBXFileReference; lastKnownFileType = text.json; path = house.json; sourceTree = "<group>"; };
		64CB0852299C5CC00099D89C /* search.json */ = {isa = PBXFileReference; lastKnownFileType = text.json; path = search.json; sourceTree = "<group>"; };
		64CB0853299C5CC00099D89C /* people.json */ = {isa = PBXFileReference; lastKnownFileType = text.json; path = people.json; sourceTree = "<group>"; };
		64CB0854299C5CC00099D89C /* city.json */ = {isa = PBXFileReference; lastKnownFileType = text.json; path = city.json; sourceTree = "<group>"; };
		64CB0859299CE1F80099D89C /* AgentView.swift */ = {isa = PBXFileReference; lastKnownFileType = sourcecode.swift; path = AgentView.swift; sourceTree = "<group>"; };
		64CB085B299CE2490099D89C /* AgentViewModel.swift */ = {isa = PBXFileReference; lastKnownFileType = sourcecode.swift; path = AgentViewModel.swift; sourceTree = "<group>"; };
		64D54BD3299FD9700025C398 /* MainView.swift */ = {isa = PBXFileReference; lastKnownFileType = sourcecode.swift; path = MainView.swift; sourceTree = "<group>"; };
		64D54BD5299FDD850025C398 /* SidebarTabButton.swift */ = {isa = PBXFileReference; lastKnownFileType = sourcecode.swift; path = SidebarTabButton.swift; sourceTree = "<group>"; };
		64D54BD7299FE0E40025C398 /* CustomCorners.swift */ = {isa = PBXFileReference; lastKnownFileType = sourcecode.swift; path = CustomCorners.swift; sourceTree = "<group>"; };
		64D54BD9299FF8B30025C398 /* Sidebar.swift */ = {isa = PBXFileReference; lastKnownFileType = sourcecode.swift; path = Sidebar.swift; sourceTree = "<group>"; };
		64D54BDB299FF97B0025C398 /* TabsView.swift */ = {isa = PBXFileReference; lastKnownFileType = sourcecode.swift; path = TabsView.swift; sourceTree = "<group>"; };
		64D54BEC29A6BD670025C398 /* ImageSlider.swift */ = {isa = PBXFileReference; lastKnownFileType = sourcecode.swift; path = ImageSlider.swift; sourceTree = "<group>"; };
		64D54BEE29A6CB460025C398 /* RatingBar.swift */ = {isa = PBXFileReference; lastKnownFileType = sourcecode.swift; path = RatingBar.swift; sourceTree = "<group>"; };
		64DBEE902972DDD70084BC13 /* Info.plist */ = {isa = PBXFileReference; lastKnownFileType = text.plist; path = Info.plist; sourceTree = "<group>"; };
		64DBEE912972F16C0084BC13 /* PropertyCardModel.swift */ = {isa = PBXFileReference; lastKnownFileType = sourcecode.swift; path = PropertyCardModel.swift; sourceTree = "<group>"; };
		64DBEE93297301330084BC13 /* FilterButtonComponent.swift */ = {isa = PBXFileReference; lastKnownFileType = sourcecode.swift; path = FilterButtonComponent.swift; sourceTree = "<group>"; };
		64E053B729B4BD5F002B3A4E /* ApplicationUtility.swift */ = {isa = PBXFileReference; lastKnownFileType = sourcecode.swift; path = ApplicationUtility.swift; sourceTree = "<group>"; };
		64E053BC29B5DA23002B3A4E /* Lora-Italic.ttf */ = {isa = PBXFileReference; lastKnownFileType = file; path = "Lora-Italic.ttf"; sourceTree = "<group>"; };
		64E053BD29B5DA24002B3A4E /* Lora.ttf */ = {isa = PBXFileReference; lastKnownFileType = file; path = Lora.ttf; sourceTree = "<group>"; };
		64E053C029B614E4002B3A4E /* SignUpViewModel.swift */ = {isa = PBXFileReference; lastKnownFileType = sourcecode.swift; path = SignUpViewModel.swift; sourceTree = "<group>"; };
		64F1119C298A9864008A3A4C /* BrowseView.swift */ = {isa = PBXFileReference; lastKnownFileType = sourcecode.swift; path = BrowseView.swift; sourceTree = "<group>"; };
		64F1119E298B034B008A3A4C /* FiltersView.swift */ = {isa = PBXFileReference; lastKnownFileType = sourcecode.swift; path = FiltersView.swift; sourceTree = "<group>"; };
		64F111A0298B0C28008A3A4C /* RangeSlider.swift */ = {isa = PBXFileReference; lastKnownFileType = sourcecode.swift; path = RangeSlider.swift; sourceTree = "<group>"; };
/* End PBXFileReference section */

/* Begin PBXFrameworksBuildPhase section */
		642402F42937F9B900F928F3 /* Frameworks */ = {
			isa = PBXFrameworksBuildPhase;
			buildActionMask = 2147483647;
			files = (
				6428069829B42A9B00BB7EFF /* GoogleSignInSwift in Frameworks */,
				646DA4A929967C22006CC832 /* Kingfisher in Frameworks */,
				64CB084B299C239F0099D89C /* Lottie in Frameworks */,
			);
			runOnlyForDeploymentPostprocessing = 0;
		};
		6464508E29AAAF21005CDD97 /* Frameworks */ = {
			isa = PBXFrameworksBuildPhase;
			buildActionMask = 2147483647;
			files = (
			);
			runOnlyForDeploymentPostprocessing = 0;
		};
/* End PBXFrameworksBuildPhase section */

/* Begin PBXGroup section */
		642402EE2937F9B900F928F3 = {
			isa = PBXGroup;
			children = (
				64CB0858299C5CD40099D89C /* Lottie */,
				64B5F237296F308D00315553 /* Sift */,
				6424030A2937F9BB00F928F3 /* ArticulateTests */,
				642403142937F9BB00F928F3 /* ArticulateUITests */,
				6464509229AAAF21005CDD97 /* SiftTests */,
				642402F82937F9B900F928F3 /* Products */,
			);
			sourceTree = "<group>";
		};
		642402F82937F9B900F928F3 /* Products */ = {
			isa = PBXGroup;
			children = (
				642402F72937F9B900F928F3 /* Sift.app */,
				6464509129AAAF21005CDD97 /* SiftTests.xctest */,
			);
			name = Products;
			sourceTree = "<group>";
		};
		6424030A2937F9BB00F928F3 /* ArticulateTests */ = {
			isa = PBXGroup;
			children = (
				6424030B2937F9BB00F928F3 /* ArticulateTests.swift */,
			);
			path = ArticulateTests;
			sourceTree = "<group>";
		};
		642403142937F9BB00F928F3 /* ArticulateUITests */ = {
			isa = PBXGroup;
			children = (
				642403152937F9BB00F928F3 /* ArticulateUITests.swift */,
				642403172937F9BB00F928F3 /* ArticulateUITestsLaunchTests.swift */,
			);
			path = ArticulateUITests;
			sourceTree = "<group>";
		};
		6464509229AAAF21005CDD97 /* SiftTests */ = {
			isa = PBXGroup;
			children = (
				6464509329AAAF21005CDD97 /* SiftTests.swift */,
			);
			path = SiftTests;
			sourceTree = "<group>";
		};
		64B5F237296F308D00315553 /* Sift */ = {
			isa = PBXGroup;
			children = (
				64E053BB29B5DA10002B3A4E /* Fonts */,
				64DBEE902972DDD70084BC13 /* Info.plist */,
				64B5F238296F308D00315553 /* SiftApp.swift */,
				64B5F239296F308D00315553 /* Assets.xcassets */,
				64B5F23A296F308D00315553 /* Models */,
				64B5F23C296F308D00315553 /* Preview Content */,
				64B5F23E296F308D00315553 /* WebService */,
				64B5F240296F308D00315553 /* Components */,
				64B5F244296F308D00315553 /* Views */,
				64E053B729B4BD5F002B3A4E /* ApplicationUtility.swift */,
			);
			path = Sift;
			sourceTree = "<group>";
		};
		64B5F23A296F308D00315553 /* Models */ = {
			isa = PBXGroup;
			children = (
				64B5F23B296F308D00315553 /* LoginViewModel.swift */,
				64E053C029B614E4002B3A4E /* SignUpViewModel.swift */,
				64B47D30296F91DE00E0F4D7 /* PropertyModel.swift */,
				64AD68F329887C3E004EB52F /* SavedViewModel.swift */,
				644B000329806B05002561FC /* DiscoverViewModel.swift */,
				64B47D32296F952500E0F4D7 /* UserModel.swift */,
				64CB0843299B9AD40099D89C /* LikeModel.swift */,
				64CB085B299CE2490099D89C /* AgentViewModel.swift */,
				6421960A297EF5550096EE3E /* FiltersModel.swift */,
				64DBEE912972F16C0084BC13 /* PropertyCardModel.swift */,
				644B00072984194B002561FC /* UserViewModel.swift */,
				64CB084E299C24620099D89C /* OnboardingItemModel.swift */,
			);
			path = Models;
			sourceTree = "<group>";
		};
		64B5F23C296F308D00315553 /* Preview Content */ = {
			isa = PBXGroup;
			children = (
				64B5F23D296F308D00315553 /* Preview Assets.xcassets */,
			);
			path = "Preview Content";
			sourceTree = "<group>";
		};
		64B5F23E296F308D00315553 /* WebService */ = {
			isa = PBXGroup;
			children = (
				64B5F23F296F308D00315553 /* WebService.swift */,
			);
			path = WebService;
			sourceTree = "<group>";
		};
		64B5F240296F308D00315553 /* Components */ = {
			isa = PBXGroup;
			children = (
				64B5F241296F308D00315553 /* CardComponents.swift */,
				64DBEE93297301330084BC13 /* FilterButtonComponent.swift */,
				64B5F242296F308D00315553 /* ProfileImageComponent.swift */,
				64B5F243296F308D00315553 /* NavBarComponent.swift */,
				649CD03E29953BDD00585E8A /* SmoothASync.swift */,
				64CB0845299BACCE0099D89C /* ASyncButton.swift */,
				64D54BD5299FDD850025C398 /* SidebarTabButton.swift */,
				64D54BD7299FE0E40025C398 /* CustomCorners.swift */,
				64D54BD9299FF8B30025C398 /* Sidebar.swift */,
				64D54BEC29A6BD670025C398 /* ImageSlider.swift */,
				649CD03C29950BCC00585E8A /* SearchBar.swift */,
				6467A34529A778D10075A0CA /* ListingTags.swift */,
				64D54BEE29A6CB460025C398 /* RatingBar.swift */,
				6464508B29A9939D005CDD97 /* MenuIcon.swift */,
				64B81C8A29D46BE300A350A1 /* CardsView.swift */,
			);
			path = Components;
			sourceTree = "<group>";
		};
		64B5F244296F308D00315553 /* Views */ = {
			isa = PBXGroup;
			children = (
				64B5F245296F308D00315553 /* ListingView.swift */,
				6467A34929A7968D0075A0CA /* MapView.swift */,
				64CB084C299C242E0099D89C /* OnboardingView.swift */,
				64B5F249296F308D00315553 /* SignUpView.swift */,
				64B5F246296F308D00315553 /* LoginView.swift */,
				64B5F247296F308D00315553 /* HomeView.swift */,
				644B0001298065C4002561FC /* Home.swift */,
				64F1119C298A9864008A3A4C /* BrowseView.swift */,
				64F1119E298B034B008A3A4C /* FiltersView.swift */,
				64CB0847299BEF960099D89C /* SettingsView.swift */,
				6464508929A8452A005CDD97 /* InboxView.swift */,
				64F111A0298B0C28008A3A4C /* RangeSlider.swift */,
				647D4BFF298991680082C868 /* SavedView.swift */,
				649D7217297431D700E10D6B /* DiscoverView.swift */,
				644B0005298418F8002561FC /* UserView.swift */,
				64CB0859299CE1F80099D89C /* AgentView.swift */,
				64B5F248296F308D00315553 /* WelcomeView.swift */,
				64B5F24A296F308D00315553 /* ContentView.swift */,
				64D54BDB299FF97B0025C398 /* TabsView.swift */,
				64D54BD3299FD9700025C398 /* MainView.swift */,
			);
			path = Views;
			sourceTree = "<group>";
		};
		64CB0858299C5CD40099D89C /* Lottie */ = {
			isa = PBXGroup;
			children = (
				64CB0854299C5CC00099D89C /* city.json */,
				64CB0853299C5CC00099D89C /* people.json */,
				64CB0852299C5CC00099D89C /* search.json */,
				64CB0850299C46960099D89C /* house.json */,
				646450A229ABCBE5005CDD97 /* loading.json */,
			);
			path = Lottie;
			sourceTree = "<group>";
		};
		64E053BB29B5DA10002B3A4E /* Fonts */ = {
			isa = PBXGroup;
			children = (
				64E053BC29B5DA23002B3A4E /* Lora-Italic.ttf */,
				64E053BD29B5DA24002B3A4E /* Lora.ttf */,
			);
			path = Fonts;
			sourceTree = "<group>";
		};
/* End PBXGroup section */

/* Begin PBXNativeTarget section */
		642402F62937F9B900F928F3 /* Sift */ = {
			isa = PBXNativeTarget;
			buildConfigurationList = 6424031B2937F9BB00F928F3 /* Build configuration list for PBXNativeTarget "Sift" */;
			buildPhases = (
				642402F32937F9B900F928F3 /* Sources */,
				642402F42937F9B900F928F3 /* Frameworks */,
				642402F52937F9B900F928F3 /* Resources */,
			);
			buildRules = (
			);
			dependencies = (
			);
			name = Sift;
			packageProductDependencies = (
				646DA4A829967C22006CC832 /* Kingfisher */,
				64CB084A299C239F0099D89C /* Lottie */,
				6428069729B42A9B00BB7EFF /* GoogleSignInSwift */,
			);
			productName = Articulate;
			productReference = 642402F72937F9B900F928F3 /* Sift.app */;
			productType = "com.apple.product-type.application";
		};
		6464509029AAAF21005CDD97 /* SiftTests */ = {
			isa = PBXNativeTarget;
			buildConfigurationList = 6464509729AAAF21005CDD97 /* Build configuration list for PBXNativeTarget "SiftTests" */;
			buildPhases = (
				6464508D29AAAF21005CDD97 /* Sources */,
				6464508E29AAAF21005CDD97 /* Frameworks */,
				6464508F29AAAF21005CDD97 /* Resources */,
			);
			buildRules = (
			);
			dependencies = (
				6464509629AAAF21005CDD97 /* PBXTargetDependency */,
			);
			name = SiftTests;
			productName = SiftTests;
			productReference = 6464509129AAAF21005CDD97 /* SiftTests.xctest */;
			productType = "com.apple.product-type.bundle.unit-test";
		};
/* End PBXNativeTarget section */

/* Begin PBXProject section */
		642402EF2937F9B900F928F3 /* Project object */ = {
			isa = PBXProject;
			attributes = {
				BuildIndependentTargetsInParallel = 1;
				LastSwiftUpdateCheck = 1420;
				LastUpgradeCheck = 1410;
				TargetAttributes = {
					642402F62937F9B900F928F3 = {
						CreatedOnToolsVersion = 14.1;
					};
					6464509029AAAF21005CDD97 = {
						CreatedOnToolsVersion = 14.2;
						TestTargetID = 642402F62937F9B900F928F3;
					};
				};
			};
			buildConfigurationList = 642402F22937F9B900F928F3 /* Build configuration list for PBXProject "Sift" */;
			compatibilityVersion = "Xcode 14.0";
			developmentRegion = en;
			hasScannedForEncodings = 0;
			knownRegions = (
				en,
				Base,
			);
			mainGroup = 642402EE2937F9B900F928F3;
			packageReferences = (
				646DA4A729967C22006CC832 /* XCRemoteSwiftPackageReference "Kingfisher" */,
				64CB0849299C239F0099D89C /* XCRemoteSwiftPackageReference "lottie-ios" */,
				6428069629B42A9B00BB7EFF /* XCRemoteSwiftPackageReference "GoogleSignIn-iOS" */,
			);
			productRefGroup = 642402F82937F9B900F928F3 /* Products */;
			projectDirPath = "";
			projectRoot = "";
			targets = (
				642402F62937F9B900F928F3 /* Sift */,
				6464509029AAAF21005CDD97 /* SiftTests */,
			);
		};
/* End PBXProject section */

/* Begin PBXResourcesBuildPhase section */
		642402F52937F9B900F928F3 /* Resources */ = {
			isa = PBXResourcesBuildPhase;
			buildActionMask = 2147483647;
			files = (
				64CB0855299C5CC00099D89C /* search.json in Resources */,
				64CB0856299C5CC00099D89C /* people.json in Resources */,
				64E053BE29B5DA4D002B3A4E /* Lora.ttf in Resources */,
				64E053BF29B5DA50002B3A4E /* Lora-Italic.ttf in Resources */,
				64CB0857299C5CC00099D89C /* city.json in Resources */,
				64CB0851299C46970099D89C /* house.json in Resources */,
				646450A329ABCBE5005CDD97 /* loading.json in Resources */,
				64B5F24E296F308E00315553 /* Preview Assets.xcassets in Resources */,
				64B5F24C296F308E00315553 /* Assets.xcassets in Resources */,
			);
			runOnlyForDeploymentPostprocessing = 0;
		};
		6464508F29AAAF21005CDD97 /* Resources */ = {
			isa = PBXResourcesBuildPhase;
			buildActionMask = 2147483647;
			files = (
			);
			runOnlyForDeploymentPostprocessing = 0;
		};
/* End PBXResourcesBuildPhase section */

/* Begin PBXSourcesBuildPhase section */
		642402F32937F9B900F928F3 /* Sources */ = {
			isa = PBXSourcesBuildPhase;
			buildActionMask = 2147483647;
			files = (
				64F1119F298B034B008A3A4C /* FiltersView.swift in Sources */,
				64D54BD8299FE0E40025C398 /* CustomCorners.swift in Sources */,
				64B5F258296F308E00315553 /* ContentView.swift in Sources */,
				6464508A29A8452A005CDD97 /* InboxView.swift in Sources */,
				64CB0846299BACCE0099D89C /* ASyncButton.swift in Sources */,
				644B00082984194B002561FC /* UserViewModel.swift in Sources */,
				64B5F24B296F308E00315553 /* SiftApp.swift in Sources */,
				64E053C129B614E4002B3A4E /* SignUpViewModel.swift in Sources */,
				64F111A1298B0C28008A3A4C /* RangeSlider.swift in Sources */,
				6467A34A29A7968D0075A0CA /* MapView.swift in Sources */,
				64B5F24F296F308E00315553 /* WebService.swift in Sources */,
				64D54BED29A6BD670025C398 /* ImageSlider.swift in Sources */,
				6467A34629A778D10075A0CA /* ListingTags.swift in Sources */,
				64B5F257296F308E00315553 /* SignUpView.swift in Sources */,
				649CD03F29953BDE00585E8A /* SmoothASync.swift in Sources */,
				64D54BDA299FF8B30025C398 /* Sidebar.swift in Sources */,
				64CB084F299C24620099D89C /* OnboardingItemModel.swift in Sources */,
				64B5F24D296F308E00315553 /* LoginViewModel.swift in Sources */,
				649D7218297431D700E10D6B /* DiscoverView.swift in Sources */,
				64D54BEF29A6CB460025C398 /* RatingBar.swift in Sources */,
				64B5F250296F308E00315553 /* CardComponents.swift in Sources */,
				647D4C00298991680082C868 /* SavedView.swift in Sources */,
				64CB0844299B9AD40099D89C /* LikeModel.swift in Sources */,
				64B5F251296F308E00315553 /* ProfileImageComponent.swift in Sources */,
				64D54BD6299FDD850025C398 /* SidebarTabButton.swift in Sources */,
				64B5F255296F308E00315553 /* HomeView.swift in Sources */,
				644B0002298065C4002561FC /* Home.swift in Sources */,
				64F1119D298A9864008A3A4C /* BrowseView.swift in Sources */,
				6421960B297EF5550096EE3E /* FiltersModel.swift in Sources */,
				64DBEE922972F16C0084BC13 /* PropertyCardModel.swift in Sources */,
				64B47D33296F952500E0F4D7 /* UserModel.swift in Sources */,
				64CB085C299CE2490099D89C /* AgentViewModel.swift in Sources */,
				6464508C29A9939D005CDD97 /* MenuIcon.swift in Sources */,
				64CB084D299C242E0099D89C /* OnboardingView.swift in Sources */,
				64D54BD4299FD9700025C398 /* MainView.swift in Sources */,
				644B0006298418F8002561FC /* UserView.swift in Sources */,
				64B81C8B29D46BE300A350A1 /* CardsView.swift in Sources */,
				64B5F253296F308E00315553 /* ListingView.swift in Sources */,
				64DBEE94297301330084BC13 /* FilterButtonComponent.swift in Sources */,
				649CD03D29950BCC00585E8A /* SearchBar.swift in Sources */,
				64CB085A299CE1F90099D89C /* AgentView.swift in Sources */,
				64CB0848299BEF960099D89C /* SettingsView.swift in Sources */,
				64E053B829B4BD5F002B3A4E /* ApplicationUtility.swift in Sources */,
				64B47D31296F91DE00E0F4D7 /* PropertyModel.swift in Sources */,
				64D54BDC299FF97B0025C398 /* TabsView.swift in Sources */,
				64B5F256296F308E00315553 /* WelcomeView.swift in Sources */,
				644B000429806B05002561FC /* DiscoverViewModel.swift in Sources */,
				64B5F252296F308E00315553 /* NavBarComponent.swift in Sources */,
				64AD68F429887C3E004EB52F /* SavedViewModel.swift in Sources */,
				64B5F254296F308E00315553 /* LoginView.swift in Sources */,
			);
			runOnlyForDeploymentPostprocessing = 0;
		};
		6464508D29AAAF21005CDD97 /* Sources */ = {
			isa = PBXSourcesBuildPhase;
			buildActionMask = 2147483647;
			files = (
				6464509429AAAF21005CDD97 /* SiftTests.swift in Sources */,
			);
			runOnlyForDeploymentPostprocessing = 0;
		};
/* End PBXSourcesBuildPhase section */

/* Begin PBXTargetDependency section */
		6464509629AAAF21005CDD97 /* PBXTargetDependency */ = {
			isa = PBXTargetDependency;
			target = 642402F62937F9B900F928F3 /* Sift */;
			targetProxy = 6464509529AAAF21005CDD97 /* PBXContainerItemProxy */;
		};
/* End PBXTargetDependency section */

/* Begin XCBuildConfiguration section */
		642403192937F9BB00F928F3 /* Debug */ = {
			isa = XCBuildConfiguration;
			buildSettings = {
				ALWAYS_SEARCH_USER_PATHS = NO;
				CLANG_ANALYZER_NONNULL = YES;
				CLANG_ANALYZER_NUMBER_OBJECT_CONVERSION = YES_AGGRESSIVE;
				CLANG_CXX_LANGUAGE_STANDARD = "gnu++20";
				CLANG_ENABLE_MODULES = YES;
				CLANG_ENABLE_OBJC_ARC = YES;
				CLANG_ENABLE_OBJC_WEAK = YES;
				CLANG_WARN_BLOCK_CAPTURE_AUTORELEASING = YES;
				CLANG_WARN_BOOL_CONVERSION = YES;
				CLANG_WARN_COMMA = YES;
				CLANG_WARN_CONSTANT_CONVERSION = YES;
				CLANG_WARN_DEPRECATED_OBJC_IMPLEMENTATIONS = YES;
				CLANG_WARN_DIRECT_OBJC_ISA_USAGE = YES_ERROR;
				CLANG_WARN_DOCUMENTATION_COMMENTS = YES;
				CLANG_WARN_EMPTY_BODY = YES;
				CLANG_WARN_ENUM_CONVERSION = YES;
				CLANG_WARN_INFINITE_RECURSION = YES;
				CLANG_WARN_INT_CONVERSION = YES;
				CLANG_WARN_NON_LITERAL_NULL_CONVERSION = YES;
				CLANG_WARN_OBJC_IMPLICIT_RETAIN_SELF = YES;
				CLANG_WARN_OBJC_LITERAL_CONVERSION = YES;
				CLANG_WARN_OBJC_ROOT_CLASS = YES_ERROR;
				CLANG_WARN_QUOTED_INCLUDE_IN_FRAMEWORK_HEADER = YES;
				CLANG_WARN_RANGE_LOOP_ANALYSIS = YES;
				CLANG_WARN_STRICT_PROTOTYPES = YES;
				CLANG_WARN_SUSPICIOUS_MOVE = YES;
				CLANG_WARN_UNGUARDED_AVAILABILITY = YES_AGGRESSIVE;
				CLANG_WARN_UNREACHABLE_CODE = YES;
				CLANG_WARN__DUPLICATE_METHOD_MATCH = YES;
				COPY_PHASE_STRIP = NO;
				DEBUG_INFORMATION_FORMAT = dwarf;
				ENABLE_STRICT_OBJC_MSGSEND = YES;
				ENABLE_TESTABILITY = YES;
				GCC_C_LANGUAGE_STANDARD = gnu11;
				GCC_DYNAMIC_NO_PIC = NO;
				GCC_NO_COMMON_BLOCKS = YES;
				GCC_OPTIMIZATION_LEVEL = 0;
				GCC_PREPROCESSOR_DEFINITIONS = (
					"DEBUG=1",
					"$(inherited)",
				);
				GCC_WARN_64_TO_32_BIT_CONVERSION = YES;
				GCC_WARN_ABOUT_RETURN_TYPE = YES_ERROR;
				GCC_WARN_UNDECLARED_SELECTOR = YES;
				GCC_WARN_UNINITIALIZED_AUTOS = YES_AGGRESSIVE;
				GCC_WARN_UNUSED_FUNCTION = YES;
				GCC_WARN_UNUSED_VARIABLE = YES;
				IPHONEOS_DEPLOYMENT_TARGET = 16.1;
				MTL_ENABLE_DEBUG_INFO = INCLUDE_SOURCE;
				MTL_FAST_MATH = YES;
				ONLY_ACTIVE_ARCH = YES;
				SDKROOT = iphoneos;
				SWIFT_ACTIVE_COMPILATION_CONDITIONS = DEBUG;
				SWIFT_OPTIMIZATION_LEVEL = "-Onone";
			};
			name = Debug;
		};
		6424031A2937F9BB00F928F3 /* Release */ = {
			isa = XCBuildConfiguration;
			buildSettings = {
				ALWAYS_SEARCH_USER_PATHS = NO;
				CLANG_ANALYZER_NONNULL = YES;
				CLANG_ANALYZER_NUMBER_OBJECT_CONVERSION = YES_AGGRESSIVE;
				CLANG_CXX_LANGUAGE_STANDARD = "gnu++20";
				CLANG_ENABLE_MODULES = YES;
				CLANG_ENABLE_OBJC_ARC = YES;
				CLANG_ENABLE_OBJC_WEAK = YES;
				CLANG_WARN_BLOCK_CAPTURE_AUTORELEASING = YES;
				CLANG_WARN_BOOL_CONVERSION = YES;
				CLANG_WARN_COMMA = YES;
				CLANG_WARN_CONSTANT_CONVERSION = YES;
				CLANG_WARN_DEPRECATED_OBJC_IMPLEMENTATIONS = YES;
				CLANG_WARN_DIRECT_OBJC_ISA_USAGE = YES_ERROR;
				CLANG_WARN_DOCUMENTATION_COMMENTS = YES;
				CLANG_WARN_EMPTY_BODY = YES;
				CLANG_WARN_ENUM_CONVERSION = YES;
				CLANG_WARN_INFINITE_RECURSION = YES;
				CLANG_WARN_INT_CONVERSION = YES;
				CLANG_WARN_NON_LITERAL_NULL_CONVERSION = YES;
				CLANG_WARN_OBJC_IMPLICIT_RETAIN_SELF = YES;
				CLANG_WARN_OBJC_LITERAL_CONVERSION = YES;
				CLANG_WARN_OBJC_ROOT_CLASS = YES_ERROR;
				CLANG_WARN_QUOTED_INCLUDE_IN_FRAMEWORK_HEADER = YES;
				CLANG_WARN_RANGE_LOOP_ANALYSIS = YES;
				CLANG_WARN_STRICT_PROTOTYPES = YES;
				CLANG_WARN_SUSPICIOUS_MOVE = YES;
				CLANG_WARN_UNGUARDED_AVAILABILITY = YES_AGGRESSIVE;
				CLANG_WARN_UNREACHABLE_CODE = YES;
				CLANG_WARN__DUPLICATE_METHOD_MATCH = YES;
				COPY_PHASE_STRIP = NO;
				DEBUG_INFORMATION_FORMAT = "dwarf-with-dsym";
				ENABLE_NS_ASSERTIONS = NO;
				ENABLE_STRICT_OBJC_MSGSEND = YES;
				GCC_C_LANGUAGE_STANDARD = gnu11;
				GCC_NO_COMMON_BLOCKS = YES;
				GCC_WARN_64_TO_32_BIT_CONVERSION = YES;
				GCC_WARN_ABOUT_RETURN_TYPE = YES_ERROR;
				GCC_WARN_UNDECLARED_SELECTOR = YES;
				GCC_WARN_UNINITIALIZED_AUTOS = YES_AGGRESSIVE;
				GCC_WARN_UNUSED_FUNCTION = YES;
				GCC_WARN_UNUSED_VARIABLE = YES;
				IPHONEOS_DEPLOYMENT_TARGET = 16.1;
				MTL_ENABLE_DEBUG_INFO = NO;
				MTL_FAST_MATH = YES;
				SDKROOT = iphoneos;
				SWIFT_COMPILATION_MODE = wholemodule;
				SWIFT_OPTIMIZATION_LEVEL = "-O";
				VALIDATE_PRODUCT = YES;
			};
			name = Release;
		};
		6424031C2937F9BB00F928F3 /* Debug */ = {
			isa = XCBuildConfiguration;
			buildSettings = {
				ASSETCATALOG_COMPILER_APPICON_NAME = AppIcon;
				ASSETCATALOG_COMPILER_GLOBAL_ACCENT_COLOR_NAME = AccentColor;
				CLANG_ANALYZER_MEMORY_MANAGEMENT = YES;
				CODE_SIGN_STYLE = Automatic;
				CURRENT_PROJECT_VERSION = 1;
				DEVELOPMENT_ASSET_PATHS = "\"Sift/Preview Content\"";
				DEVELOPMENT_TEAM = ELD85TA58A;
				ENABLE_PREVIEWS = YES;
				GENERATE_INFOPLIST_FILE = YES;
				INFOPLIST_FILE = Sift/Info.plist;
				INFOPLIST_KEY_UIApplicationSupportsIndirectInputEvents = YES;
				INFOPLIST_KEY_UILaunchScreen_Generation = YES;
				INFOPLIST_KEY_UISupportedInterfaceOrientations_iPad = "UIInterfaceOrientationPortrait UIInterfaceOrientationPortraitUpsideDown UIInterfaceOrientationLandscapeLeft UIInterfaceOrientationLandscapeRight";
				INFOPLIST_KEY_UISupportedInterfaceOrientations_iPhone = "UIInterfaceOrientationPortrait UIInterfaceOrientationLandscapeLeft UIInterfaceOrientationLandscapeRight";
				IPHONEOS_DEPLOYMENT_TARGET = 16.2;
				LD_RUNPATH_SEARCH_PATHS = (
					"$(inherited)",
					"@executable_path/Frameworks",
				);
				MARKETING_VERSION = 1.0;
				PRODUCT_BUNDLE_IDENTIFIER = com.edwardday.Sift;
				PRODUCT_NAME = "$(TARGET_NAME)";
				SWIFT_EMIT_LOC_STRINGS = YES;
				SWIFT_VERSION = 5.0;
				TARGETED_DEVICE_FAMILY = "1,2";
			};
			name = Debug;
		};
		6424031D2937F9BB00F928F3 /* Release */ = {
			isa = XCBuildConfiguration;
			buildSettings = {
				ASSETCATALOG_COMPILER_APPICON_NAME = AppIcon;
				ASSETCATALOG_COMPILER_GLOBAL_ACCENT_COLOR_NAME = AccentColor;
				CLANG_ANALYZER_MEMORY_MANAGEMENT = YES;
				CODE_SIGN_STYLE = Automatic;
				CURRENT_PROJECT_VERSION = 1;
				DEVELOPMENT_ASSET_PATHS = "\"Sift/Preview Content\"";
				DEVELOPMENT_TEAM = ELD85TA58A;
				ENABLE_PREVIEWS = YES;
				GENERATE_INFOPLIST_FILE = YES;
				INFOPLIST_FILE = Sift/Info.plist;
				INFOPLIST_KEY_UIApplicationSupportsIndirectInputEvents = YES;
				INFOPLIST_KEY_UILaunchScreen_Generation = YES;
				INFOPLIST_KEY_UISupportedInterfaceOrientations_iPad = "UIInterfaceOrientationPortrait UIInterfaceOrientationPortraitUpsideDown UIInterfaceOrientationLandscapeLeft UIInterfaceOrientationLandscapeRight";
				INFOPLIST_KEY_UISupportedInterfaceOrientations_iPhone = "UIInterfaceOrientationPortrait UIInterfaceOrientationLandscapeLeft UIInterfaceOrientationLandscapeRight";
				IPHONEOS_DEPLOYMENT_TARGET = 16.2;
				LD_RUNPATH_SEARCH_PATHS = (
					"$(inherited)",
					"@executable_path/Frameworks",
				);
				MARKETING_VERSION = 1.0;
				PRODUCT_BUNDLE_IDENTIFIER = com.edwardday.Sift;
				PRODUCT_NAME = "$(TARGET_NAME)";
				SWIFT_EMIT_LOC_STRINGS = YES;
				SWIFT_VERSION = 5.0;
				TARGETED_DEVICE_FAMILY = "1,2";
			};
			name = Release;
		};
		6464509829AAAF21005CDD97 /* Debug */ = {
			isa = XCBuildConfiguration;
			buildSettings = {
				BUNDLE_LOADER = "$(TEST_HOST)";
				CODE_SIGN_STYLE = Automatic;
				CURRENT_PROJECT_VERSION = 1;
				DEVELOPMENT_TEAM = ELD85TA58A;
				GENERATE_INFOPLIST_FILE = YES;
				IPHONEOS_DEPLOYMENT_TARGET = 16.2;
				MARKETING_VERSION = 1.0;
				PRODUCT_BUNDLE_IDENTIFIER = com.edwardday.SiftTests;
				PRODUCT_NAME = "$(TARGET_NAME)";
				SWIFT_EMIT_LOC_STRINGS = NO;
				SWIFT_VERSION = 5.0;
				TARGETED_DEVICE_FAMILY = "1,2";
				TEST_HOST = "$(BUILT_PRODUCTS_DIR)/Sift.app/$(BUNDLE_EXECUTABLE_FOLDER_PATH)/Sift";
			};
			name = Debug;
		};
		6464509929AAAF21005CDD97 /* Release */ = {
			isa = XCBuildConfiguration;
			buildSettings = {
				BUNDLE_LOADER = "$(TEST_HOST)";
				CODE_SIGN_STYLE = Automatic;
				CURRENT_PROJECT_VERSION = 1;
				DEVELOPMENT_TEAM = ELD85TA58A;
				GENERATE_INFOPLIST_FILE = YES;
				IPHONEOS_DEPLOYMENT_TARGET = 16.2;
				MARKETING_VERSION = 1.0;
				PRODUCT_BUNDLE_IDENTIFIER = com.edwardday.SiftTests;
				PRODUCT_NAME = "$(TARGET_NAME)";
				SWIFT_EMIT_LOC_STRINGS = NO;
				SWIFT_VERSION = 5.0;
				TARGETED_DEVICE_FAMILY = "1,2";
				TEST_HOST = "$(BUILT_PRODUCTS_DIR)/Sift.app/$(BUNDLE_EXECUTABLE_FOLDER_PATH)/Sift";
			};
			name = Release;
		};
/* End XCBuildConfiguration section */

/* Begin XCConfigurationList section */
		642402F22937F9B900F928F3 /* Build configuration list for PBXProject "Sift" */ = {
			isa = XCConfigurationList;
			buildConfigurations = (
				642403192937F9BB00F928F3 /* Debug */,
				6424031A2937F9BB00F928F3 /* Release */,
			);
			defaultConfigurationIsVisible = 0;
			defaultConfigurationName = Release;
		};
		6424031B2937F9BB00F928F3 /* Build configuration list for PBXNativeTarget "Sift" */ = {
			isa = XCConfigurationList;
			buildConfigurations = (
				6424031C2937F9BB00F928F3 /* Debug */,
				6424031D2937F9BB00F928F3 /* Release */,
			);
			defaultConfigurationIsVisible = 0;
			defaultConfigurationName = Release;
		};
		6464509729AAAF21005CDD97 /* Build configuration list for PBXNativeTarget "SiftTests" */ = {
			isa = XCConfigurationList;
			buildConfigurations = (
				6464509829AAAF21005CDD97 /* Debug */,
				6464509929AAAF21005CDD97 /* Release */,
			);
			defaultConfigurationIsVisible = 0;
			defaultConfigurationName = Release;
		};
/* End XCConfigurationList section */

/* Begin XCRemoteSwiftPackageReference section */
		6428069629B42A9B00BB7EFF /* XCRemoteSwiftPackageReference "GoogleSignIn-iOS" */ = {
			isa = XCRemoteSwiftPackageReference;
			repositoryURL = "https://github.com/google/GoogleSignIn-iOS";
			requirement = {
				kind = upToNextMajorVersion;
				minimumVersion = 7.0.0;
			};
		};
		646DA4A729967C22006CC832 /* XCRemoteSwiftPackageReference "Kingfisher" */ = {
			isa = XCRemoteSwiftPackageReference;
			repositoryURL = "https://github.com/onevcat/Kingfisher.git";
			requirement = {
				kind = upToNextMajorVersion;
				minimumVersion = 7.0.0;
			};
		};
		64CB0849299C239F0099D89C /* XCRemoteSwiftPackageReference "lottie-ios" */ = {
			isa = XCRemoteSwiftPackageReference;
			repositoryURL = "https://github.com/airbnb/lottie-ios";
			requirement = {
				kind = upToNextMajorVersion;
				minimumVersion = 4.0.0;
			};
		};
/* End XCRemoteSwiftPackageReference section */

/* Begin XCSwiftPackageProductDependency section */
		6428069729B42A9B00BB7EFF /* GoogleSignInSwift */ = {
			isa = XCSwiftPackageProductDependency;
			package = 6428069629B42A9B00BB7EFF /* XCRemoteSwiftPackageReference "GoogleSignIn-iOS" */;
			productName = GoogleSignInSwift;
		};
		646DA4A829967C22006CC832 /* Kingfisher */ = {
			isa = XCSwiftPackageProductDependency;
			package = 646DA4A729967C22006CC832 /* XCRemoteSwiftPackageReference "Kingfisher" */;
			productName = Kingfisher;
		};
		64CB084A299C239F0099D89C /* Lottie */ = {
			isa = XCSwiftPackageProductDependency;
			package = 64CB0849299C239F0099D89C /* XCRemoteSwiftPackageReference "lottie-ios" */;
			productName = Lottie;
		};
/* End XCSwiftPackageProductDependency section */
	};
	rootObject = 642402EF2937F9B900F928F3 /* Project object */;
}
