{
  "pins" : [
    {
      "identity" : "kingfisher",
      "kind" : "remoteSourceControl",
      "location" : "https://github.com/onevcat/Kingfisher.git",
      "state" : {
        "revision" : "2db469112fbcfd83ff0a96c4546772d283f317f5",
        "version" : "7.6.0"
      }
    }
  ],
  "version" : 2
}
